{
  "version": 4,
  "terraform_version": "1.15.4",
  "serial": 85,
  "lineage": "4f545258-cbf0-3c19-3131-43e4e9b4b3c0",
  "outputs": {},
  "resources": [
    {
      "mode": "data",
      "type": "aws_ami",
      "name": "amazon_linux_2023",
      "provider": "provider[\"registry.terraform.io/hashicorp/aws\"]",
      "instances": [
        {
          "schema_version": 0,
          "attributes": {
            "architecture": "x86_64",
            "arn": "arn:aws:ec2:ap-south-1::image/ami-01e31019d5c730de7",
            "block_device_mappings": [
              {
                "device_name": "/dev/xvda",
                "ebs": {
                  "delete_on_termination": "true",
                  "encrypted": "false",
                  "iops": "3000",
                  "snapshot_id": "snap-04f231ecc309fabe6",
                  "throughput": "125",
                  "volume_initialization_rate": "0",
                  "volume_size": "2",
                  "volume_type": "gp3"
                },
                "no_device": "",
                "virtual_name": ""
              }
            ],
            "boot_mode": "uefi-preferred",
            "creation_date": "2026-06-04T17:32:58.000Z",
            "deprecation_time": "2026-09-02T19:01:00.000Z",
            "description": "Amazon Linux 2023 AMI 2023.12.20260608.0 x86_64 Minimal HVM kernel-6.18",
            "ena_support": true,
            "executable_users": null,
            "filter": [
              {
                "name": "name",
                "values": [
                  "al2023-ami-*-x86_64"
                ]
              },
              {
                "name": "virtualization-type",
                "values": [
                  "hvm"
                ]
              }
            ],
            "hypervisor": "xen",
            "id": "ami-01e31019d5c730de7",
            "image_id": "ami-01e31019d5c730de7",
            "image_location": "amazon/al2023-ami-minimal-2023.12.20260608.0-kernel-6.18-x86_64",
            "image_owner_alias": "amazon",
            "image_type": "machine",
            "imds_support": "v2.0",
            "include_deprecated": false,
            "kernel_id": "",
            "last_launched_time": "",
            "most_recent": true,
            "name": "al2023-ami-minimal-2023.12.20260608.0-kernel-6.18-x86_64",
            "name_regex": null,
            "owner_id": "137112412989",
            "owners": [
              "amazon"
            ],
            "platform": "",
            "platform_details": "Linux/UNIX",
            "product_codes": [],
            "public": true,
            "ramdisk_id": "",
            "root_device_name": "/dev/xvda",
            "root_device_type": "ebs",
            "root_snapshot_id": "snap-04f231ecc309fabe6",
            "sriov_net_support": "simple",
            "state": "available",
            "state_reason": {
              "code": "UNSET",
              "message": "UNSET"
            },
            "tags": {},
            "timeouts": null,
            "tpm_support": "",
            "uefi_data": null,
            "usage_operation": "RunInstances",
            "virtualization_type": "hvm"
          },
          "sensitive_attributes": [],
          "identity_schema_version": 0
        }
      ]
    },
    {
      "mode": "data",
      "type": "aws_route53_zone",
      "name": "vishnu_terraform_zone_ror",
      "provider": "provider[\"registry.terraform.io/hashicorp/aws\"]",
      "instances": [
        {
          "schema_version": 0,
          "attributes": {
            "arn": "arn:aws:route53:::hostedzone/Z08178942E00TQHVSB8OC",
            "caller_reference": "9a703c09-2e05-4461-8afd-6699e8f3c4be",
            "comment": "",
            "id": "Z08178942E00TQHVSB8OC",
            "linked_service_description": null,
            "linked_service_principal": null,
            "name": "vichubro.online",
            "name_servers": [
              "ns-1521.awsdns-62.org",
              "ns-721.awsdns-26.net",
              "ns-150.awsdns-18.com",
              "ns-1839.awsdns-37.co.uk"
            ],
            "primary_name_server": "ns-1521.awsdns-62.org",
            "private_zone": false,
            "resource_record_set_count": 5,
            "tags": {},
            "vpc_id": null,
            "zone_id": "Z08178942E00TQHVSB8OC"
          },
          "sensitive_attributes": [],
          "identity_schema_version": 0
        }
      ]
    },
    {
      "mode": "managed",
      "type": "aws_db_instance",
      "name": "vishnu_terraform_rds_shared",
      "provider": "provider[\"registry.terraform.io/hashicorp/aws\"]",
      "instances": [
        {
          "schema_version": 2,
          "attributes": {
            "address": "vishnu-terraform-rds-shared.c5400ykkskvs.ap-south-1.rds.amazonaws.com",
            "allocated_storage": 20,
            "allow_major_version_upgrade": null,
            "apply_immediately": false,
            "arn": "arn:aws:rds:ap-south-1:782208973532:db:vishnu-terraform-rds-shared",
            "auto_minor_version_upgrade": true,
            "availability_zone": "ap-south-1b",
            "backup_retention_period": 1,
            "backup_target": "region",
            "backup_window": "23:20-23:50",
            "blue_green_update": [],
            "ca_cert_identifier": "rds-ca-rsa2048-g1",
            "character_set_name": "",
            "copy_tags_to_snapshot": false,
            "custom_iam_instance_profile": "",
            "customer_owned_ip_enabled": false,
            "database_insights_mode": "standard",
            "db_name": "food_ordering_production",
            "db_subnet_group_name": "vishnu-terraform-db-subnet-group-ror",
            "dedicated_log_volume": false,
            "delete_automated_backups": true,
            "deletion_protection": false,
            "domain": "",
            "domain_auth_secret_arn": "",
            "domain_dns_ips": [],
            "domain_fqdn": "",
            "domain_iam_role_name": "",
            "domain_ou": "",
            "enabled_cloudwatch_logs_exports": [],
            "endpoint": "vishnu-terraform-rds-shared.c5400ykkskvs.ap-south-1.rds.amazonaws.com:3306",
            "engine": "mysql",
            "engine_lifecycle_support": "open-source-rds-extended-support",
            "engine_version": "8.0",
            "engine_version_actual": "8.0.45",
            "final_snapshot_identifier": null,
            "hosted_zone_id": "Z2VFMSZA74J7XZ",
            "iam_database_authentication_enabled": false,
            "id": "db-22F22JZU3GPYUGZUT7OGPHK6II",
            "identifier": "vishnu-terraform-rds-shared",
            "identifier_prefix": "",
            "instance_class": "db.t3.micro",
            "iops": 3000,
            "kms_key_id": "arn:aws:kms:ap-south-1:782208973532:key/010fb8e4-1f35-4d78-b7c0-da8e105c2354",
            "latest_restorable_time": "2026-06-11T10:42:51Z",
            "license_model": "general-public-license",
            "listener_endpoint": [],
            "maintenance_window": "sun:09:34-sun:10:04",
            "manage_master_user_password": null,
            "master_user_secret": [],
            "master_user_secret_kms_key_id": null,
            "max_allocated_storage": 100,
            "monitoring_interval": 0,
            "monitoring_role_arn": "",
            "multi_az": false,
            "nchar_character_set_name": "",
            "network_type": "IPV4",
            "option_group_name": "default:mysql-8-0",
            "parameter_group_name": "vishnu-terraform-db-pg-ror",
            "password": "Ab_2-15n321",
            "password_wo": null,
            "password_wo_version": null,
            "performance_insights_enabled": false,
            "performance_insights_kms_key_id": "",
            "performance_insights_retention_period": 0,
            "port": 3306,
            "publicly_accessible": false,
            "replica_mode": "",
            "replicas": [],
            "replicate_source_db": "",
            "resource_id": "db-22F22JZU3GPYUGZUT7OGPHK6II",
            "restore_to_point_in_time": [],
            "s3_import": [],
            "skip_final_snapshot": true,
            "snapshot_identifier": null,
            "status": "available",
            "storage_encrypted": true,
            "storage_throughput": 125,
            "storage_type": "gp3",
            "tags": {
              "Name": "vishnu_terraform_rds_shared"
            },
            "tags_all": {
              "Name": "vishnu_terraform_rds_shared"
            },
            "timeouts": null,
            "timezone": "",
            "upgrade_storage_config": null,
            "username": "admin",
            "vpc_security_group_ids": [
              "sg-0cbba60c52b872208"
            ]
          },
          "sensitive_attributes": [
            [
              {
                "type": "get_attr",
                "value": "password"
              }
            ],
            [
              {
                "type": "get_attr",
                "value": "password_wo"
              }
            ],
            [
              {
                "type": "get_attr",
                "value": "username"
              }
            ]
          ],
          "identity_schema_version": 0,
          "private": "eyJlMmJmYjczMC1lY2FhLTExZTYtOGY4OC0zNDM2M2JjN2M0YzAiOnsiY3JlYXRlIjozMDAwMDAwMDAwMDAwLCJkZWxldGUiOjM2MDAwMDAwMDAwMDAsInVwZGF0ZSI6NDgwMDAwMDAwMDAwMH0sInNjaGVtYV92ZXJzaW9uIjoiMiJ9",
          "dependencies": [
            "aws_db_parameter_group.vishnu_terraform_db_pg_ror",
            "aws_db_subnet_group.vishnu_terraform_db_subnet_group_ror",
            "aws_security_group.vishnu_terraform_sg_alb_ror",
            "aws_security_group.vishnu_terraform_sg_bastion_ror",
            "aws_security_group.vishnu_terraform_sg_ecs_ror",
            "aws_security_group.vishnu_terraform_sg_rds_ror",
            "aws_subnet.vishnu_terraform_private_subnet_ror",
            "aws_vpc.vishnu_terraform_vpc_ror"
          ]
        }
      ]
    },
    {
      "mode": "managed",
      "type": "aws_db_parameter_group",
      "name": "vishnu_terraform_db_pg_ror",
      "provider": "provider[\"registry.terraform.io/hashicorp/aws\"]",
      "instances": [
        {
          "schema_version": 0,
          "attributes": {
            "arn": "arn:aws:rds:ap-south-1:782208973532:pg:vishnu-terraform-db-pg-ror",
            "description": "Managed by Terraform",
            "family": "mysql8.0",
            "id": "vishnu-terraform-db-pg-ror",
            "name": "vishnu-terraform-db-pg-ror",
            "name_prefix": "",
            "parameter": [
              {
                "apply_method": "immediate",
                "name": "character_set_server",
                "value": "utf8mb4"
              },
              {
                "apply_method": "immediate",
                "name": "collation_server",
                "value": "utf8mb4_unicode_ci"
              }
            ],
            "skip_destroy": false,
            "tags": {
              "Name": "vishnu_terraform_db_pg_ror"
            },
            "tags_all": {
              "Name": "vishnu_terraform_db_pg_ror"
            }
          },
          "sensitive_attributes": [],
          "identity_schema_version": 0,
          "private": "bnVsbA=="
        }
      ]
    },
    {
      "mode": "managed",
      "type": "aws_db_subnet_group",
      "name": "vishnu_terraform_db_subnet_group_ror",
      "provider": "provider[\"registry.terraform.io/hashicorp/aws\"]",
      "instances": [
        {
          "schema_version": 0,
          "attributes": {
            "arn": "arn:aws:rds:ap-south-1:782208973532:subgrp:vishnu-terraform-db-subnet-group-ror",
            "description": "Managed by Terraform",
            "id": "vishnu-terraform-db-subnet-group-ror",
            "name": "vishnu-terraform-db-subnet-group-ror",
            "name_prefix": "",
            "subnet_ids": [
              "subnet-075d95922fccde2bc",
              "subnet-0ff730b0ed4d5061e"
            ],
            "supported_network_types": [
              "IPV4"
            ],
            "tags": {
              "Name": "vishnu_terraform_db_subnet_group_ror"
            },
            "tags_all": {
              "Name": "vishnu_terraform_db_subnet_group_ror"
            },
            "vpc_id": "vpc-05d7439bb90bbc1bc"
          },
          "sensitive_attributes": [],
          "identity_schema_version": 0,
          "private": "bnVsbA==",
          "dependencies": [
            "aws_subnet.vishnu_terraform_private_subnet_ror",
            "aws_vpc.vishnu_terraform_vpc_ror"
          ]
        }
      ]
    },
    {
      "mode": "managed",
      "type": "aws_ecr_lifecycle_policy",
      "name": "vishnu_terraform_ecr_lcp_php",
      "provider": "provider[\"registry.terraform.io/hashicorp/aws\"]",
      "instances": [
        {
          "schema_version": 0,
          "attributes": {
            "id": "vishnu-terraform/food-php",
            "policy": "{\"rules\":[{\"action\":{\"type\":\"expire\"},\"description\":\"Keep last 10 tagged images\",\"rulePriority\":1,\"selection\":{\"countNumber\":10,\"countType\":\"imageCountMoreThan\",\"tagPrefixList\":[\"v\"],\"tagStatus\":\"tagged\"}},{\"action\":{\"type\":\"expire\"},\"description\":\"Expire untagged images older than 7 days\",\"rulePriority\":2,\"selection\":{\"countNumber\":7,\"countType\":\"sinceImagePushed\",\"countUnit\":\"days\",\"tagStatus\":\"untagged\"}}]}",
            "registry_id": "782208973532",
            "repository": "vishnu-terraform/food-php"
          },
          "sensitive_attributes": [],
          "identity_schema_version": 0,
          "private": "bnVsbA==",
          "dependencies": [
            "aws_ecr_repository.vishnu_terraform_ecr_php"
          ]
        }
      ]
    },
    {
      "mode": "managed",
      "type": "aws_ecr_lifecycle_policy",
      "name": "vishnu_terraform_ecr_lcp_ror",
      "provider": "provider[\"registry.terraform.io/hashicorp/aws\"]",
      "instances": [
        {
          "schema_version": 0,
          "attributes": {
            "id": "vishnu-terraform/movie-ror",
            "policy": "{\"rules\":[{\"action\":{\"type\":\"expire\"},\"description\":\"Keep last 10 tagged images\",\"rulePriority\":1,\"selection\":{\"countNumber\":10,\"countType\":\"imageCountMoreThan\",\"tagPrefixList\":[\"v\"],\"tagStatus\":\"tagged\"}},{\"action\":{\"type\":\"expire\"},\"description\":\"Expire untagged images older than 7 days\",\"rulePriority\":2,\"selection\":{\"countNumber\":7,\"countType\":\"sinceImagePushed\",\"countUnit\":\"days\",\"tagStatus\":\"untagged\"}}]}",
            "registry_id": "782208973532",
            "repository": "vishnu-terraform/movie-ror"
          },
          "sensitive_attributes": [],
          "identity_schema_version": 0,
          "private": "bnVsbA==",
          "dependencies": [
            "aws_ecr_repository.vishnu_terraform_ecr_ror"
          ]
        }
      ]
    },
    {
      "mode": "managed",
      "type": "aws_ecr_repository",
      "name": "vishnu_terraform_ecr_php",
      "provider": "provider[\"registry.terraform.io/hashicorp/aws\"]",
      "instances": [
        {
          "schema_version": 0,
          "attributes": {
            "arn": "arn:aws:ecr:ap-south-1:782208973532:repository/vishnu-terraform/food-php",
            "encryption_configuration": [
              {
                "encryption_type": "AES256",
                "kms_key": ""
              }
            ],
            "force_delete": null,
            "id": "vishnu-terraform/food-php",
            "image_scanning_configuration": [
              {
                "scan_on_push": true
              }
            ],
            "image_tag_mutability": "MUTABLE",
            "name": "vishnu-terraform/food-php",
            "registry_id": "782208973532",
            "repository_url": "782208973532.dkr.ecr.ap-south-1.amazonaws.com/vishnu-terraform/food-php",
            "tags": {
              "Name": "vishnu_terraform_ecr_php"
            },
            "tags_all": {
              "Name": "vishnu_terraform_ecr_php"
            },
            "timeouts": null
          },
          "sensitive_attributes": [],
          "identity_schema_version": 0,
          "private": "eyJlMmJmYjczMC1lY2FhLTExZTYtOGY4OC0zNDM2M2JjN2M0YzAiOnsiZGVsZXRlIjoxMjAwMDAwMDAwMDAwfX0="
        }
      ]
    },
    {
      "mode": "managed",
      "type": "aws_ecr_repository",
      "name": "vishnu_terraform_ecr_ror",
      "provider": "provider[\"registry.terraform.io/hashicorp/aws\"]",
      "instances": [
        {
          "schema_version": 0,
          "attributes": {
            "arn": "arn:aws:ecr:ap-south-1:782208973532:repository/vishnu-terraform/movie-ror",
            "encryption_configuration": [
              {
                "encryption_type": "AES256",
                "kms_key": ""
              }
            ],
            "force_delete": null,
            "id": "vishnu-terraform/movie-ror",
            "image_scanning_configuration": [
              {
                "scan_on_push": true
              }
            ],
            "image_tag_mutability": "MUTABLE",
            "name": "vishnu-terraform/movie-ror",
            "registry_id": "782208973532",
            "repository_url": "782208973532.dkr.ecr.ap-south-1.amazonaws.com/vishnu-terraform/movie-ror",
            "tags": {
              "Name": "vishnu_terraform_ecr_ror"
            },
            "tags_all": {
              "Name": "vishnu_terraform_ecr_ror"
            },
            "timeouts": null
          },
          "sensitive_attributes": [],
          "identity_schema_version": 0,
          "private": "eyJlMmJmYjczMC1lY2FhLTExZTYtOGY4OC0zNDM2M2JjN2M0YzAiOnsiZGVsZXRlIjoxMjAwMDAwMDAwMDAwfX0="
        }
      ]
    },
    {
      "mode": "managed",
      "type": "aws_eip",
      "name": "vishnu_terraform_bastion_eip_ror",
      "provider": "provider[\"registry.terraform.io/hashicorp/aws\"]",
      "instances": [
        {
          "schema_version": 0,
          "attributes": {
            "address": null,
            "allocation_id": "eipalloc-0f406dcb434870bac",
            "arn": "arn:aws:ec2:ap-south-1:782208973532:elastic-ip/eipalloc-0f406dcb434870bac",
            "associate_with_private_ip": null,
            "association_id": "eipassoc-06523d60a8dc0c610",
            "carrier_ip": "",
            "customer_owned_ip": "",
            "customer_owned_ipv4_pool": "",
            "domain": "vpc",
            "id": "eipalloc-0f406dcb434870bac",
            "instance": "i-003af9461832d847b",
            "ipam_pool_id": null,
            "network_border_group": "ap-south-1",
            "network_interface": "eni-0e17eaa9ca0f3641b",
            "private_dns": "ip-10-30-1-141.ap-south-1.compute.internal",
            "private_ip": "10.30.1.141",
            "ptr_record": "",
            "public_dns": "ec2-3-7-129-210.ap-south-1.compute.amazonaws.com",
            "public_ip": "3.7.129.210",
            "public_ipv4_pool": "amazon",
            "tags": {
              "Name": "vishnu_terraform_bastion_eip_ror"
            },
            "tags_all": {
              "Name": "vishnu_terraform_bastion_eip_ror"
            },
            "timeouts": null,
            "vpc": true
          },
          "sensitive_attributes": [],
          "identity_schema_version": 0,
          "private": "eyJlMmJmYjczMC1lY2FhLTExZTYtOGY4OC0zNDM2M2JjN2M0YzAiOnsiZGVsZXRlIjoxODAwMDAwMDAwMDAsInJlYWQiOjkwMDAwMDAwMDAwMCwidXBkYXRlIjozMDAwMDAwMDAwMDB9fQ==",
          "dependencies": [
            "aws_instance.vishnu_terraform_bastion_ror",
            "aws_security_group.vishnu_terraform_sg_bastion_ror",
            "aws_subnet.vishnu_terraform_public_subnet_ror",
            "aws_vpc.vishnu_terraform_vpc_ror",
            "data.aws_ami.amazon_linux_2023"
          ]
        }
      ]
    },
    {
      "mode": "managed",
      "type": "aws_eip",
      "name": "vishnu_terraform_nat_eip_ror",
      "provider": "provider[\"registry.terraform.io/hashicorp/aws\"]",
      "instances": [
        {
          "index_key": 0,
          "schema_version": 0,
          "attributes": {
            "address": null,
            "allocation_id": "eipalloc-0df088da49f83b504",
            "arn": "arn:aws:ec2:ap-south-1:782208973532:elastic-ip/eipalloc-0df088da49f83b504",
            "associate_with_private_ip": null,
            "association_id": "eipassoc-08a2888b40fe3c1ae",
            "carrier_ip": "",
            "customer_owned_ip": "",
            "customer_owned_ipv4_pool": "",
            "domain": "vpc",
            "id": "eipalloc-0df088da49f83b504",
            "instance": "",
            "ipam_pool_id": null,
            "network_border_group": "ap-south-1",
            "network_interface": "eni-02501ad7b32c10134",
            "private_dns": "ip-10-30-1-77.ap-south-1.compute.internal",
            "private_ip": "10.30.1.77",
            "ptr_record": "",
            "public_dns": "ec2-13-235-224-16.ap-south-1.compute.amazonaws.com",
            "public_ip": "13.235.224.16",
            "public_ipv4_pool": "amazon",
            "tags": {
              "Name": "vishnu_terraform_nat_eip_ror_1"
            },
            "tags_all": {
              "Name": "vishnu_terraform_nat_eip_ror_1"
            },
            "timeouts": null,
            "vpc": true
          },
          "sensitive_attributes": [],
          "identity_schema_version": 0,
          "private": "eyJlMmJmYjczMC1lY2FhLTExZTYtOGY4OC0zNDM2M2JjN2M0YzAiOnsiZGVsZXRlIjoxODAwMDAwMDAwMDAsInJlYWQiOjkwMDAwMDAwMDAwMCwidXBkYXRlIjozMDAwMDAwMDAwMDB9fQ=="
        },
        {
          "index_key": 1,
          "schema_version": 0,
          "attributes": {
            "address": null,
            "allocation_id": "eipalloc-0c18b1c96af682d9c",
            "arn": "arn:aws:ec2:ap-south-1:782208973532:elastic-ip/eipalloc-0c18b1c96af682d9c",
            "associate_with_private_ip": null,
            "association_id": "eipassoc-0a7088dfa1c86ad9a",
            "carrier_ip": "",
            "customer_owned_ip": "",
            "customer_owned_ipv4_pool": "",
            "domain": "vpc",
            "id": "eipalloc-0c18b1c96af682d9c",
            "instance": "",
            "ipam_pool_id": null,
            "network_border_group": "ap-south-1",
            "network_interface": "eni-07d7daad06a5f916e",
            "private_dns": "ip-10-30-2-105.ap-south-1.compute.internal",
            "private_ip": "10.30.2.105",
            "ptr_record": "",
            "public_dns": "ec2-35-154-109-190.ap-south-1.compute.amazonaws.com",
            "public_ip": "35.154.109.190",
            "public_ipv4_pool": "amazon",
            "tags": {
              "Name": "vishnu_terraform_nat_eip_ror_2"
            },
            "tags_all": {
              "Name": "vishnu_terraform_nat_eip_ror_2"
            },
            "timeouts": null,
            "vpc": true
          },
          "sensitive_attributes": [],
          "identity_schema_version": 0,
          "private": "eyJlMmJmYjczMC1lY2FhLTExZTYtOGY4OC0zNDM2M2JjN2M0YzAiOnsiZGVsZXRlIjoxODAwMDAwMDAwMDAsInJlYWQiOjkwMDAwMDAwMDAwMCwidXBkYXRlIjozMDAwMDAwMDAwMDB9fQ=="
        }
      ]
    },
    {
      "mode": "managed",
      "type": "aws_iam_instance_profile",
      "name": "vishnu_terraform_ec2_ecs_profile_ror",
      "provider": "provider[\"registry.terraform.io/hashicorp/aws\"]",
      "instances": [
        {
          "schema_version": 0,
          "attributes": {
            "arn": "arn:aws:iam::782208973532:instance-profile/vishnu_terraform_ec2_ecs_profile_ror",
            "create_date": "2026-06-11T10:20:18Z",
            "id": "vishnu_terraform_ec2_ecs_profile_ror",
            "name": "vishnu_terraform_ec2_ecs_profile_ror",
            "name_prefix": "",
            "path": "/",
            "role": "vishnu_terraform_ec2_ecs_role_ror",
            "tags": {},
            "tags_all": {},
            "unique_id": "AIPA3MH2JXLOFBEJQ3SDK"
          },
          "sensitive_attributes": [],
          "identity_schema_version": 0,
          "private": "bnVsbA==",
          "dependencies": [
            "aws_iam_role.vishnu_terraform_ec2_ecs_role_ror"
          ]
        }
      ]
    },
    {
      "mode": "managed",
      "type": "aws_iam_role",
      "name": "vishnu_terraform_codebuild_role_ror",
      "provider": "provider[\"registry.terraform.io/hashicorp/aws\"]",
      "instances": [
        {
          "schema_version": 0,
          "attributes": {
            "arn": "arn:aws:iam::782208973532:role/vishnu_terraform_codebuild_role_ror",
            "assume_role_policy": "{\"Statement\":[{\"Action\":\"sts:AssumeRole\",\"Effect\":\"Allow\",\"Principal\":{\"Service\":\"codebuild.amazonaws.com\"}}],\"Version\":\"2012-10-17\"}",
            "create_date": "2026-06-11T10:20:17Z",
            "description": "",
            "force_detach_policies": false,
            "id": "vishnu_terraform_codebuild_role_ror",
            "inline_policy": [
              {
                "name": "vishnu_terraform_codebuild_policy_ror",
                "policy": "{\"Version\":\"2012-10-17\",\"Statement\":[{\"Action\":[\"logs:CreateLogGroup\",\"logs:CreateLogStream\",\"logs:PutLogEvents\"],\"Effect\":\"Allow\",\"Resource\":\"*\"},{\"Action\":[\"ecr:GetAuthorizationToken\",\"ecr:BatchCheckLayerAvailability\",\"ecr:GetDownloadUrlForLayer\",\"ecr:BatchGetImage\",\"ecr:InitiateLayerUpload\",\"ecr:UploadLayerPart\",\"ecr:CompleteLayerUpload\",\"ecr:PutImage\"],\"Effect\":\"Allow\",\"Resource\":\"*\"},{\"Action\":[\"s3:GetObject\",\"s3:GetObjectVersion\",\"s3:PutObject\",\"s3:GetBucketAcl\",\"s3:GetBucketLocation\"],\"Effect\":\"Allow\",\"Resource\":\"*\"}]}"
              }
            ],
            "managed_policy_arns": [],
            "max_session_duration": 3600,
            "name": "vishnu_terraform_codebuild_role_ror",
            "name_prefix": "",
            "path": "/",
            "permissions_boundary": "",
            "tags": {
              "Name": "vishnu_terraform_codebuild_role_ror"
            },
            "tags_all": {
              "Name": "vishnu_terraform_codebuild_role_ror"
            },
            "unique_id": "AROA3MH2JXLOF7OFJRHJA"
          },
          "sensitive_attributes": [],
          "identity_schema_version": 0,
          "private": "bnVsbA=="
        }
      ]
    },
    {
      "mode": "managed",
      "type": "aws_iam_role",
      "name": "vishnu_terraform_codepipeline_role_ror",
      "provider": "provider[\"registry.terraform.io/hashicorp/aws\"]",
      "instances": [
        {
          "schema_version": 0,
          "attributes": {
            "arn": "arn:aws:iam::782208973532:role/vishnu_terraform_codepipeline_role_ror",
            "assume_role_policy": "{\"Statement\":[{\"Action\":\"sts:AssumeRole\",\"Effect\":\"Allow\",\"Principal\":{\"Service\":\"codepipeline.amazonaws.com\"}}],\"Version\":\"2012-10-17\"}",
            "create_date": "2026-06-11T10:20:17Z",
            "description": "",
            "force_detach_policies": false,
            "id": "vishnu_terraform_codepipeline_role_ror",
            "inline_policy": [
              {
                "name": "vishnu_terraform_codepipeline_policy_ror",
                "policy": "{\"Version\":\"2012-10-17\",\"Statement\":[{\"Action\":[\"s3:GetObject\",\"s3:GetObjectVersion\",\"s3:PutObject\",\"s3:GetBucketAcl\",\"s3:GetBucketLocation\",\"s3:ListBucket\"],\"Effect\":\"Allow\",\"Resource\":\"*\"},{\"Action\":[\"codebuild:BatchGetBuilds\",\"codebuild:StartBuild\"],\"Effect\":\"Allow\",\"Resource\":\"*\"},{\"Action\":[\"ecs:DescribeServices\",\"ecs:DescribeTaskDefinition\",\"ecs:DescribeTasks\",\"ecs:ListTasks\",\"ecs:RegisterTaskDefinition\",\"ecs:UpdateService\"],\"Effect\":\"Allow\",\"Resource\":\"*\"},{\"Action\":[\"iam:PassRole\"],\"Effect\":\"Allow\",\"Resource\":\"*\"}]}"
              }
            ],
            "managed_policy_arns": [],
            "max_session_duration": 3600,
            "name": "vishnu_terraform_codepipeline_role_ror",
            "name_prefix": "",
            "path": "/",
            "permissions_boundary": "",
            "tags": {
              "Name": "vishnu_terraform_codepipeline_role_ror"
            },
            "tags_all": {
              "Name": "vishnu_terraform_codepipeline_role_ror"
            },
            "unique_id": "AROA3MH2JXLOLVUDK3GTI"
          },
          "sensitive_attributes": [],
          "identity_schema_version": 0,
          "private": "bnVsbA=="
        }
      ]
    },
    {
      "mode": "managed",
      "type": "aws_iam_role",
      "name": "vishnu_terraform_ec2_ecs_role_ror",
      "provider": "provider[\"registry.terraform.io/hashicorp/aws\"]",
      "instances": [
        {
          "schema_version": 0,
          "attributes": {
            "arn": "arn:aws:iam::782208973532:role/vishnu_terraform_ec2_ecs_role_ror",
            "assume_role_policy": "{\"Statement\":[{\"Action\":\"sts:AssumeRole\",\"Effect\":\"Allow\",\"Principal\":{\"Service\":\"ec2.amazonaws.com\"}}],\"Version\":\"2012-10-17\"}",
            "create_date": "2026-06-11T10:20:17Z",
            "description": "",
            "force_detach_policies": false,
            "id": "vishnu_terraform_ec2_ecs_role_ror",
            "inline_policy": [],
            "managed_policy_arns": [
              "arn:aws:iam::aws:policy/AmazonSSMManagedInstanceCore",
              "arn:aws:iam::aws:policy/service-role/AmazonEC2ContainerServiceforEC2Role"
            ],
            "max_session_duration": 3600,
            "name": "vishnu_terraform_ec2_ecs_role_ror",
            "name_prefix": "",
            "path": "/",
            "permissions_boundary": "",
            "tags": {
              "Name": "vishnu_terraform_ec2_ecs_role_ror"
            },
            "tags_all": {
              "Name": "vishnu_terraform_ec2_ecs_role_ror"
            },
            "unique_id": "AROA3MH2JXLOFTCL7TWCJ"
          },
          "sensitive_attributes": [],
          "identity_schema_version": 0,
          "private": "bnVsbA=="
        }
      ]
    },
    {
      "mode": "managed",
      "type": "aws_iam_role",
      "name": "vishnu_terraform_ecs_task_exec_role_ror",
      "provider": "provider[\"registry.terraform.io/hashicorp/aws\"]",
      "instances": [
        {
          "schema_version": 0,
          "attributes": {
            "arn": "arn:aws:iam::782208973532:role/vishnu_terraform_ecs_task_exec_role_ror",
            "assume_role_policy": "{\"Statement\":[{\"Action\":\"sts:AssumeRole\",\"Effect\":\"Allow\",\"Principal\":{\"Service\":\"ecs-tasks.amazonaws.com\"}}],\"Version\":\"2012-10-17\"}",
            "create_date": "2026-06-11T10:20:17Z",
            "description": "",
            "force_detach_policies": false,
            "id": "vishnu_terraform_ecs_task_exec_role_ror",
            "inline_policy": [
              {
                "name": "vishnu_terraform_ecs_task_exec_extra_ror",
                "policy": "{\"Version\":\"2012-10-17\",\"Statement\":[{\"Action\":[\"ssm:GetParameters\",\"secretsmanager:GetSecretValue\",\"kms:Decrypt\"],\"Effect\":\"Allow\",\"Resource\":\"*\"},{\"Action\":[\"logs:CreateLogGroup\",\"logs:CreateLogStream\",\"logs:PutLogEvents\"],\"Effect\":\"Allow\",\"Resource\":\"*\"}]}"
              }
            ],
            "managed_policy_arns": [
              "arn:aws:iam::aws:policy/service-role/AmazonECSTaskExecutionRolePolicy"
            ],
            "max_session_duration": 3600,
            "name": "vishnu_terraform_ecs_task_exec_role_ror",
            "name_prefix": "",
            "path": "/",
            "permissions_boundary": "",
            "tags": {
              "Name": "vishnu_terraform_ecs_task_exec_role_ror"
            },
            "tags_all": {
              "Name": "vishnu_terraform_ecs_task_exec_role_ror"
            },
            "unique_id": "AROA3MH2JXLONVB5JKFMO"
          },
          "sensitive_attributes": [],
          "identity_schema_version": 0,
          "private": "bnVsbA=="
        }
      ]
    },
    {
      "mode": "managed",
      "type": "aws_iam_role",
      "name": "vishnu_terraform_ecs_task_role_ror",
      "provider": "provider[\"registry.terraform.io/hashicorp/aws\"]",
      "instances": [
        {
          "schema_version": 0,
          "attributes": {
            "arn": "arn:aws:iam::782208973532:role/vishnu_terraform_ecs_task_role_ror",
            "assume_role_policy": "{\"Statement\":[{\"Action\":\"sts:AssumeRole\",\"Effect\":\"Allow\",\"Principal\":{\"Service\":\"ecs-tasks.amazonaws.com\"}}],\"Version\":\"2012-10-17\"}",
            "create_date": "2026-06-11T10:20:17Z",
            "description": "",
            "force_detach_policies": false,
            "id": "vishnu_terraform_ecs_task_role_ror",
            "inline_policy": [
              {
                "name": "vishnu_terraform_ecs_task_policy_ror",
                "policy": "{\"Version\":\"2012-10-17\",\"Statement\":[{\"Action\":[\"logs:CreateLogGroup\",\"logs:CreateLogStream\",\"logs:PutLogEvents\",\"s3:GetObject\",\"s3:PutObject\"],\"Effect\":\"Allow\",\"Resource\":\"*\"}]}"
              }
            ],
            "managed_policy_arns": [],
            "max_session_duration": 3600,
            "name": "vishnu_terraform_ecs_task_role_ror",
            "name_prefix": "",
            "path": "/",
            "permissions_boundary": "",
            "tags": {
              "Name": "vishnu_terraform_ecs_task_role_ror"
            },
            "tags_all": {
              "Name": "vishnu_terraform_ecs_task_role_ror"
            },
            "unique_id": "AROA3MH2JXLOABUYI45GG"
          },
          "sensitive_attributes": [],
          "identity_schema_version": 0,
          "private": "bnVsbA=="
        }
      ]
    },
    {
      "mode": "managed",
      "type": "aws_iam_role_policy",
      "name": "vishnu_terraform_codebuild_policy_ror",
      "provider": "provider[\"registry.terraform.io/hashicorp/aws\"]",
      "instances": [
        {
          "schema_version": 0,
          "attributes": {
            "id": "vishnu_terraform_codebuild_role_ror:vishnu_terraform_codebuild_policy_ror",
            "name": "vishnu_terraform_codebuild_policy_ror",
            "name_prefix": "",
            "policy": "{\"Version\":\"2012-10-17\",\"Statement\":[{\"Action\":[\"logs:CreateLogGroup\",\"logs:CreateLogStream\",\"logs:PutLogEvents\"],\"Effect\":\"Allow\",\"Resource\":\"*\"},{\"Action\":[\"ecr:GetAuthorizationToken\",\"ecr:BatchCheckLayerAvailability\",\"ecr:GetDownloadUrlForLayer\",\"ecr:BatchGetImage\",\"ecr:InitiateLayerUpload\",\"ecr:UploadLayerPart\",\"ecr:CompleteLayerUpload\",\"ecr:PutImage\"],\"Effect\":\"Allow\",\"Resource\":\"*\"},{\"Action\":[\"s3:GetObject\",\"s3:GetObjectVersion\",\"s3:PutObject\",\"s3:GetBucketAcl\",\"s3:GetBucketLocation\"],\"Effect\":\"Allow\",\"Resource\":\"*\"}]}",
            "role": "vishnu_terraform_codebuild_role_ror"
          },
          "sensitive_attributes": [],
          "identity_schema_version": 0,
          "private": "bnVsbA==",
          "dependencies": [
            "aws_iam_role.vishnu_terraform_codebuild_role_ror"
          ]
        }
      ]
    },
    {
      "mode": "managed",
      "type": "aws_iam_role_policy",
      "name": "vishnu_terraform_codepipeline_policy_ror",
      "provider": "provider[\"registry.terraform.io/hashicorp/aws\"]",
      "instances": [
        {
          "schema_version": 0,
          "attributes": {
            "id": "vishnu_terraform_codepipeline_role_ror:vishnu_terraform_codepipeline_policy_ror",
            "name": "vishnu_terraform_codepipeline_policy_ror",
            "name_prefix": "",
            "policy": "{\"Version\":\"2012-10-17\",\"Statement\":[{\"Action\":[\"s3:GetObject\",\"s3:GetObjectVersion\",\"s3:PutObject\",\"s3:GetBucketAcl\",\"s3:GetBucketLocation\",\"s3:ListBucket\"],\"Effect\":\"Allow\",\"Resource\":\"*\"},{\"Action\":[\"codebuild:BatchGetBuilds\",\"codebuild:StartBuild\"],\"Effect\":\"Allow\",\"Resource\":\"*\"},{\"Action\":[\"ecs:DescribeServices\",\"ecs:DescribeTaskDefinition\",\"ecs:DescribeTasks\",\"ecs:ListTasks\",\"ecs:RegisterTaskDefinition\",\"ecs:UpdateService\"],\"Effect\":\"Allow\",\"Resource\":\"*\"},{\"Action\":[\"iam:PassRole\"],\"Effect\":\"Allow\",\"Resource\":\"*\"}]}",
            "role": "vishnu_terraform_codepipeline_role_ror"
          },
          "sensitive_attributes": [],
          "identity_schema_version": 0,
          "private": "bnVsbA==",
          "dependencies": [
            "aws_iam_role.vishnu_terraform_codepipeline_role_ror"
          ]
        }
      ]
    },
    {
      "mode": "managed",
      "type": "aws_iam_role_policy",
      "name": "vishnu_terraform_ecs_task_exec_extra_ror",
      "provider": "provider[\"registry.terraform.io/hashicorp/aws\"]",
      "instances": [
        {
          "schema_version": 0,
          "attributes": {
            "id": "vishnu_terraform_ecs_task_exec_role_ror:vishnu_terraform_ecs_task_exec_extra_ror",
            "name": "vishnu_terraform_ecs_task_exec_extra_ror",
            "name_prefix": "",
            "policy": "{\"Version\":\"2012-10-17\",\"Statement\":[{\"Action\":[\"ssm:GetParameters\",\"secretsmanager:GetSecretValue\",\"kms:Decrypt\"],\"Effect\":\"Allow\",\"Resource\":\"*\"},{\"Action\":[\"logs:CreateLogGroup\",\"logs:CreateLogStream\",\"logs:PutLogEvents\"],\"Effect\":\"Allow\",\"Resource\":\"*\"}]}",
            "role": "vishnu_terraform_ecs_task_exec_role_ror"
          },
          "sensitive_attributes": [],
          "identity_schema_version": 0,
          "private": "bnVsbA==",
          "dependencies": [
            "aws_iam_role.vishnu_terraform_ecs_task_exec_role_ror"
          ]
        }
      ]
    },
    {
      "mode": "managed",
      "type": "aws_iam_role_policy",
      "name": "vishnu_terraform_ecs_task_policy_ror",
      "provider": "provider[\"registry.terraform.io/hashicorp/aws\"]",
      "instances": [
        {
          "schema_version": 0,
          "attributes": {
            "id": "vishnu_terraform_ecs_task_role_ror:vishnu_terraform_ecs_task_policy_ror",
            "name": "vishnu_terraform_ecs_task_policy_ror",
            "name_prefix": "",
            "policy": "{\"Version\":\"2012-10-17\",\"Statement\":[{\"Action\":[\"logs:CreateLogGroup\",\"logs:CreateLogStream\",\"logs:PutLogEvents\",\"s3:GetObject\",\"s3:PutObject\"],\"Effect\":\"Allow\",\"Resource\":\"*\"}]}",
            "role": "vishnu_terraform_ecs_task_role_ror"
          },
          "sensitive_attributes": [],
          "identity_schema_version": 0,
          "private": "bnVsbA==",
          "dependencies": [
            "aws_iam_role.vishnu_terraform_ecs_task_role_ror"
          ]
        }
      ]
    },
    {
      "mode": "managed",
      "type": "aws_iam_role_policy_attachment",
      "name": "vishnu_terraform_ec2_ecs_attach_ror",
      "provider": "provider[\"registry.terraform.io/hashicorp/aws\"]",
      "instances": [
        {
          "schema_version": 0,
          "attributes": {
            "id": "vishnu_terraform_ec2_ecs_role_ror-20260611102018920200000001",
            "policy_arn": "arn:aws:iam::aws:policy/service-role/AmazonEC2ContainerServiceforEC2Role",
            "role": "vishnu_terraform_ec2_ecs_role_ror"
          },
          "sensitive_attributes": [],
          "identity_schema_version": 0,
          "private": "bnVsbA==",
          "dependencies": [
            "aws_iam_role.vishnu_terraform_ec2_ecs_role_ror"
          ]
        }
      ]
    },
    {
      "mode": "managed",
      "type": "aws_iam_role_policy_attachment",
      "name": "vishnu_terraform_ec2_ssm_attach_ror",
      "provider": "provider[\"registry.terraform.io/hashicorp/aws\"]",
      "instances": [
        {
          "schema_version": 0,
          "attributes": {
            "id": "vishnu_terraform_ec2_ecs_role_ror-20260611102018925900000002",
            "policy_arn": "arn:aws:iam::aws:policy/AmazonSSMManagedInstanceCore",
            "role": "vishnu_terraform_ec2_ecs_role_ror"
          },
          "sensitive_attributes": [],
          "identity_schema_version": 0,
          "private": "bnVsbA==",
          "dependencies": [
            "aws_iam_role.vishnu_terraform_ec2_ecs_role_ror"
          ]
        }
      ]
    },
    {
      "mode": "managed",
      "type": "aws_iam_role_policy_attachment",
      "name": "vishnu_terraform_ecs_task_exec_attach_ror",
      "provider": "provider[\"registry.terraform.io/hashicorp/aws\"]",
      "instances": [
        {
          "schema_version": 0,
          "attributes": {
            "id": "vishnu_terraform_ecs_task_exec_role_ror-20260611102019179800000003",
            "policy_arn": "arn:aws:iam::aws:policy/service-role/AmazonECSTaskExecutionRolePolicy",
            "role": "vishnu_terraform_ecs_task_exec_role_ror"
          },
          "sensitive_attributes": [],
          "identity_schema_version": 0,
          "private": "bnVsbA==",
          "dependencies": [
            "aws_iam_role.vishnu_terraform_ecs_task_exec_role_ror"
          ]
        }
      ]
    },
    {
      "mode": "managed",
      "type": "aws_instance",
      "name": "vishnu_terraform_app_ec2_ror",
      "provider": "provider[\"registry.terraform.io/hashicorp/aws\"]",
      "instances": [
        {
          "schema_version": 1,
          "attributes": {
            "ami": "ami-01e31019d5c730de7",
            "arn": "arn:aws:ec2:ap-south-1:782208973532:instance/i-0da981a1150833552",
            "associate_public_ip_address": false,
            "availability_zone": "ap-south-1a",
            "capacity_reservation_specification": [
              {
                "capacity_reservation_preference": "open",
                "capacity_reservation_target": []
              }
            ],
            "cpu_core_count": 1,
            "cpu_options": [
              {
                "amd_sev_snp": "",
                "core_count": 1,
                "threads_per_core": 2
              }
            ],
            "cpu_threads_per_core": 2,
            "credit_specification": [
              {
                "cpu_credits": "unlimited"
              }
            ],
            "disable_api_stop": false,
            "disable_api_termination": false,
            "ebs_block_device": [],
            "ebs_optimized": false,
            "enable_primary_ipv6": null,
            "enclave_options": [
              {
                "enabled": false
              }
            ],
            "ephemeral_block_device": [],
            "get_password_data": false,
            "hibernation": false,
            "host_id": "",
            "host_resource_group_arn": null,
            "iam_instance_profile": "vishnu_terraform_ec2_ecs_profile_ror",
            "id": "i-0da981a1150833552",
            "instance_initiated_shutdown_behavior": "stop",
            "instance_lifecycle": "",
            "instance_market_options": [],
            "instance_state": "running",
            "instance_type": "t3.micro",
            "ipv6_address_count": 0,
            "ipv6_addresses": [],
            "key_name": "",
            "launch_template": [],
            "maintenance_options": [
              {
                "auto_recovery": "default"
              }
            ],
            "metadata_options": [
              {
                "http_endpoint": "enabled",
                "http_protocol_ipv6": "disabled",
                "http_put_response_hop_limit": 2,
                "http_tokens": "required",
                "instance_metadata_tags": "disabled"
              }
            ],
            "monitoring": false,
            "network_interface": [],
            "outpost_arn": "",
            "password_data": "",
            "placement_group": "",
            "placement_partition_number": 0,
            "primary_network_interface_id": "eni-0d4155e2f32f05f6f",
            "private_dns": "ip-10-30-3-221.ap-south-1.compute.internal",
            "private_dns_name_options": [
              {
                "enable_resource_name_dns_a_record": false,
                "enable_resource_name_dns_aaaa_record": false,
                "hostname_type": "ip-name"
              }
            ],
            "private_ip": "10.30.3.221",
            "public_dns": "",
            "public_ip": "",
            "root_block_device": [
              {
                "delete_on_termination": true,
                "device_name": "/dev/xvda",
                "encrypted": true,
                "iops": 3000,
                "kms_key_id": "arn:aws:kms:ap-south-1:782208973532:key/408dcf9c-1791-44f4-8cb7-970ef3e600b7",
                "tags": {},
                "tags_all": {},
                "throughput": 125,
                "volume_id": "vol-06b3f8b6bad0f109d",
                "volume_size": 20,
                "volume_type": "gp3"
              }
            ],
            "secondary_private_ips": [],
            "security_groups": [],
            "source_dest_check": true,
            "spot_instance_request_id": "",
            "subnet_id": "subnet-0ff730b0ed4d5061e",
            "tags": {
              "Name": "vishnu_terraform_app_ec2_ror"
            },
            "tags_all": {
              "Name": "vishnu_terraform_app_ec2_ror"
            },
            "tenancy": "default",
            "timeouts": null,
            "user_data": "04a458b28021f4425c27ff473c4a34f47b7d7fb7",
            "user_data_base64": null,
            "user_data_replace_on_change": false,
            "volume_tags": null,
            "vpc_security_group_ids": [
              "sg-0cdbe04bf9d952d22"
            ]
          },
          "sensitive_attributes": [],
          "identity_schema_version": 0,
          "private": "eyJlMmJmYjczMC1lY2FhLTExZTYtOGY4OC0zNDM2M2JjN2M0YzAiOnsiY3JlYXRlIjo2MDAwMDAwMDAwMDAsImRlbGV0ZSI6MTIwMDAwMDAwMDAwMCwicmVhZCI6OTAwMDAwMDAwMDAwLCJ1cGRhdGUiOjYwMDAwMDAwMDAwMH0sInNjaGVtYV92ZXJzaW9uIjoiMSJ9",
          "dependencies": [
            "aws_iam_instance_profile.vishnu_terraform_ec2_ecs_profile_ror",
            "aws_iam_role.vishnu_terraform_ec2_ecs_role_ror",
            "aws_security_group.vishnu_terraform_sg_alb_ror",
            "aws_security_group.vishnu_terraform_sg_bastion_ror",
            "aws_security_group.vishnu_terraform_sg_ecs_ror",
            "aws_subnet.vishnu_terraform_private_subnet_ror",
            "aws_vpc.vishnu_terraform_vpc_ror",
            "data.aws_ami.amazon_linux_2023"
          ]
        }
      ]
    },
    {
      "mode": "managed",
      "type": "aws_instance",
      "name": "vishnu_terraform_bastion_ror",
      "provider": "provider[\"registry.terraform.io/hashicorp/aws\"]",
      "instances": [
        {
          "schema_version": 1,
          "attributes": {
            "ami": "ami-01e31019d5c730de7",
            "arn": "arn:aws:ec2:ap-south-1:782208973532:instance/i-003af9461832d847b",
            "associate_public_ip_address": true,
            "availability_zone": "ap-south-1a",
            "capacity_reservation_specification": [
              {
                "capacity_reservation_preference": "open",
                "capacity_reservation_target": []
              }
            ],
            "cpu_core_count": 1,
            "cpu_options": [
              {
                "amd_sev_snp": "",
                "core_count": 1,
                "threads_per_core": 2
              }
            ],
            "cpu_threads_per_core": 2,
            "credit_specification": [
              {
                "cpu_credits": "unlimited"
              }
            ],
            "disable_api_stop": false,
            "disable_api_termination": false,
            "ebs_block_device": [],
            "ebs_optimized": false,
            "enable_primary_ipv6": null,
            "enclave_options": [
              {
                "enabled": false
              }
            ],
            "ephemeral_block_device": [],
            "get_password_data": false,
            "hibernation": false,
            "host_id": "",
            "host_resource_group_arn": null,
            "iam_instance_profile": "",
            "id": "i-003af9461832d847b",
            "instance_initiated_shutdown_behavior": "stop",
            "instance_lifecycle": "",
            "instance_market_options": [],
            "instance_state": "running",
            "instance_type": "t3.micro",
            "ipv6_address_count": 0,
            "ipv6_addresses": [],
            "key_name": "vishnu-terraform-key",
            "launch_template": [],
            "maintenance_options": [
              {
                "auto_recovery": "default"
              }
            ],
            "metadata_options": [
              {
                "http_endpoint": "enabled",
                "http_protocol_ipv6": "disabled",
                "http_put_response_hop_limit": 2,
                "http_tokens": "required",
                "instance_metadata_tags": "disabled"
              }
            ],
            "monitoring": false,
            "network_interface": [],
            "outpost_arn": "",
            "password_data": "",
            "placement_group": "",
            "placement_partition_number": 0,
            "primary_network_interface_id": "eni-0e17eaa9ca0f3641b",
            "private_dns": "ip-10-30-1-141.ap-south-1.compute.internal",
            "private_dns_name_options": [
              {
                "enable_resource_name_dns_a_record": false,
                "enable_resource_name_dns_aaaa_record": false,
                "hostname_type": "ip-name"
              }
            ],
            "private_ip": "10.30.1.141",
            "public_dns": "ec2-3-7-129-210.ap-south-1.compute.amazonaws.com",
            "public_ip": "3.7.129.210",
            "root_block_device": [
              {
                "delete_on_termination": true,
                "device_name": "/dev/xvda",
                "encrypted": true,
                "iops": 3000,
                "kms_key_id": "arn:aws:kms:ap-south-1:782208973532:key/408dcf9c-1791-44f4-8cb7-970ef3e600b7",
                "tags": {},
                "tags_all": {},
                "throughput": 125,
                "volume_id": "vol-02cad4c905ac5337f",
                "volume_size": 20,
                "volume_type": "gp3"
              }
            ],
            "secondary_private_ips": [],
            "security_groups": [],
            "source_dest_check": true,
            "spot_instance_request_id": "",
            "subnet_id": "subnet-0003a1330a1d6a963",
            "tags": {
              "Name": "vishnu_terraform_bastion_ror"
            },
            "tags_all": {
              "Name": "vishnu_terraform_bastion_ror"
            },
            "tenancy": "default",
            "timeouts": null,
            "user_data": "981c1e8529aed3f2ff75497e1349b399c0391dcb",
            "user_data_base64": null,
            "user_data_replace_on_change": false,
            "volume_tags": null,
            "vpc_security_group_ids": [
              "sg-094756790fa1b9634"
            ]
          },
          "sensitive_attributes": [],
          "identity_schema_version": 0,
          "private": "eyJlMmJmYjczMC1lY2FhLTExZTYtOGY4OC0zNDM2M2JjN2M0YzAiOnsiY3JlYXRlIjo2MDAwMDAwMDAwMDAsImRlbGV0ZSI6MTIwMDAwMDAwMDAwMCwicmVhZCI6OTAwMDAwMDAwMDAwLCJ1cGRhdGUiOjYwMDAwMDAwMDAwMH0sInNjaGVtYV92ZXJzaW9uIjoiMSJ9",
          "dependencies": [
            "aws_security_group.vishnu_terraform_sg_bastion_ror",
            "aws_subnet.vishnu_terraform_public_subnet_ror",
            "aws_vpc.vishnu_terraform_vpc_ror",
            "data.aws_ami.amazon_linux_2023"
          ]
        }
      ]
    },
    {
      "mode": "managed",
      "type": "aws_internet_gateway",
      "name": "vishnu_terraform_igw_ror",
      "provider": "provider[\"registry.terraform.io/hashicorp/aws\"]",
      "instances": [
        {
          "schema_version": 0,
          "attributes": {
            "arn": "arn:aws:ec2:ap-south-1:782208973532:internet-gateway/igw-0a0026ad49aeed279",
            "id": "igw-0a0026ad49aeed279",
            "owner_id": "782208973532",
            "tags": {
              "Name": "vishnu_terraform_igw_ror"
            },
            "tags_all": {
              "Name": "vishnu_terraform_igw_ror"
            },
            "timeouts": null,
            "vpc_id": "vpc-05d7439bb90bbc1bc"
          },
          "sensitive_attributes": [],
          "identity_schema_version": 0,
          "private": "eyJlMmJmYjczMC1lY2FhLTExZTYtOGY4OC0zNDM2M2JjN2M0YzAiOnsiY3JlYXRlIjoxMjAwMDAwMDAwMDAwLCJkZWxldGUiOjEyMDAwMDAwMDAwMDAsInVwZGF0ZSI6MTIwMDAwMDAwMDAwMH19",
          "dependencies": [
            "aws_vpc.vishnu_terraform_vpc_ror"
          ]
        }
      ]
    },
    {
      "mode": "managed",
      "type": "aws_lb",
      "name": "vishnu_terraform_alb_ror",
      "provider": "provider[\"registry.terraform.io/hashicorp/aws\"]",
      "instances": [
        {
          "schema_version": 0,
          "attributes": {
            "access_logs": [
              {
                "bucket": "",
                "enabled": false,
                "prefix": ""
              }
            ],
            "arn": "arn:aws:elasticloadbalancing:ap-south-1:782208973532:loadbalancer/app/vishnu-terraform-alb-ror/5ab536df0ee6e498",
            "arn_suffix": "app/vishnu-terraform-alb-ror/5ab536df0ee6e498",
            "client_keep_alive": 3600,
            "connection_logs": [
              {
                "bucket": "",
                "enabled": false,
                "prefix": ""
              }
            ],
            "customer_owned_ipv4_pool": "",
            "desync_mitigation_mode": "defensive",
            "dns_name": "vishnu-terraform-alb-ror-1195332563.ap-south-1.elb.amazonaws.com",
            "dns_record_client_routing_policy": null,
            "drop_invalid_header_fields": false,
            "enable_cross_zone_load_balancing": true,
            "enable_deletion_protection": false,
            "enable_http2": true,
            "enable_tls_version_and_cipher_suite_headers": false,
            "enable_waf_fail_open": false,
            "enable_xff_client_port": false,
            "enable_zonal_shift": false,
            "enforce_security_group_inbound_rules_on_private_link_traffic": "",
            "id": "arn:aws:elasticloadbalancing:ap-south-1:782208973532:loadbalancer/app/vishnu-terraform-alb-ror/5ab536df0ee6e498",
            "idle_timeout": 60,
            "internal": false,
            "ip_address_type": "ipv4",
            "ipam_pools": [],
            "load_balancer_type": "application",
            "minimum_load_balancer_capacity": [],
            "name": "vishnu-terraform-alb-ror",
            "name_prefix": "",
            "preserve_host_header": false,
            "security_groups": [
              "sg-03cb855d37f4fd24f"
            ],
            "subnet_mapping": [
              {
                "allocation_id": "",
                "ipv6_address": "",
                "outpost_id": "",
                "private_ipv4_address": "",
                "subnet_id": "subnet-0003a1330a1d6a963"
              },
              {
                "allocation_id": "",
                "ipv6_address": "",
                "outpost_id": "",
                "private_ipv4_address": "",
                "subnet_id": "subnet-0084bf86369833adb"
              }
            ],
            "subnets": [
              "subnet-0003a1330a1d6a963",
              "subnet-0084bf86369833adb"
            ],
            "tags": {
              "Name": "vishnu_terraform_alb_ror"
            },
            "tags_all": {
              "Name": "vishnu_terraform_alb_ror"
            },
            "timeouts": null,
            "vpc_id": "vpc-05d7439bb90bbc1bc",
            "xff_header_processing_mode": "append",
            "zone_id": "ZP97RAFLXTNZK"
          },
          "sensitive_attributes": [],
          "identity_schema_version": 0,
          "private": "eyJlMmJmYjczMC1lY2FhLTExZTYtOGY4OC0zNDM2M2JjN2M0YzAiOnsiY3JlYXRlIjo2MDAwMDAwMDAwMDAsImRlbGV0ZSI6NjAwMDAwMDAwMDAwLCJ1cGRhdGUiOjYwMDAwMDAwMDAwMH19",
          "dependencies": [
            "aws_security_group.vishnu_terraform_sg_alb_ror",
            "aws_subnet.vishnu_terraform_public_subnet_ror",
            "aws_vpc.vishnu_terraform_vpc_ror"
          ]
        }
      ]
    },
    {
      "mode": "managed",
      "type": "aws_lb_listener",
      "name": "vishnu_terraform_http_listener_ror",
      "provider": "provider[\"registry.terraform.io/hashicorp/aws\"]",
      "instances": [
        {
          "schema_version": 0,
          "attributes": {
            "alpn_policy": null,
            "arn": "arn:aws:elasticloadbalancing:ap-south-1:782208973532:listener/app/vishnu-terraform-alb-ror/5ab536df0ee6e498/23c05eae00c2ad40",
            "certificate_arn": null,
            "default_action": [
              {
                "authenticate_cognito": [],
                "authenticate_oidc": [],
                "fixed_response": [],
                "forward": [],
                "order": 1,
                "redirect": [
                  {
                    "host": "#{host}",
                    "path": "/#{path}",
                    "port": "443",
                    "protocol": "HTTPS",
                    "query": "#{query}",
                    "status_code": "HTTP_301"
                  }
                ],
                "target_group_arn": "",
                "type": "redirect"
              }
            ],
            "id": "arn:aws:elasticloadbalancing:ap-south-1:782208973532:listener/app/vishnu-terraform-alb-ror/5ab536df0ee6e498/23c05eae00c2ad40",
            "load_balancer_arn": "arn:aws:elasticloadbalancing:ap-south-1:782208973532:loadbalancer/app/vishnu-terraform-alb-ror/5ab536df0ee6e498",
            "mutual_authentication": [],
            "port": 80,
            "protocol": "HTTP",
            "routing_http_request_x_amzn_mtls_clientcert_header_name": null,
            "routing_http_request_x_amzn_mtls_clientcert_issuer_header_name": null,
            "routing_http_request_x_amzn_mtls_clientcert_leaf_header_name": null,
            "routing_http_request_x_amzn_mtls_clientcert_serial_number_header_name": null,
            "routing_http_request_x_amzn_mtls_clientcert_subject_header_name": null,
            "routing_http_request_x_amzn_mtls_clientcert_validity_header_name": null,
            "routing_http_request_x_amzn_tls_cipher_suite_header_name": null,
            "routing_http_request_x_amzn_tls_version_header_name": null,
            "routing_http_response_access_control_allow_credentials_header_value": "",
            "routing_http_response_access_control_allow_headers_header_value": "",
            "routing_http_response_access_control_allow_methods_header_value": "",
            "routing_http_response_access_control_allow_origin_header_value": "",
            "routing_http_response_access_control_expose_headers_header_value": "",
            "routing_http_response_access_control_max_age_header_value": "",
            "routing_http_response_content_security_policy_header_value": "",
            "routing_http_response_server_enabled": true,
            "routing_http_response_strict_transport_security_header_value": "",
            "routing_http_response_x_content_type_options_header_value": "",
            "routing_http_response_x_frame_options_header_value": "",
            "ssl_policy": "",
            "tags": {
              "Name": "vishnu_terraform_http_listener_ror"
            },
            "tags_all": {
              "Name": "vishnu_terraform_http_listener_ror"
            },
            "tcp_idle_timeout_seconds": null,
            "timeouts": null
          },
          "sensitive_attributes": [],
          "identity_schema_version": 0,
          "private": "eyJlMmJmYjczMC1lY2FhLTExZTYtOGY4OC0zNDM2M2JjN2M0YzAiOnsiY3JlYXRlIjozMDAwMDAwMDAwMDAsInVwZGF0ZSI6MzAwMDAwMDAwMDAwfX0=",
          "dependencies": [
            "aws_lb.vishnu_terraform_alb_ror",
            "aws_security_group.vishnu_terraform_sg_alb_ror",
            "aws_subnet.vishnu_terraform_public_subnet_ror",
            "aws_vpc.vishnu_terraform_vpc_ror"
          ]
        }
      ]
    },
    {
      "mode": "managed",
      "type": "aws_lb_listener",
      "name": "vishnu_terraform_https_listener_ror",
      "provider": "provider[\"registry.terraform.io/hashicorp/aws\"]",
      "instances": [
        {
          "schema_version": 0,
          "attributes": {
            "alpn_policy": null,
            "arn": "arn:aws:elasticloadbalancing:ap-south-1:782208973532:listener/app/vishnu-terraform-alb-ror/5ab536df0ee6e498/36eec19792828db2",
            "certificate_arn": "arn:aws:acm:ap-south-1:782208973532:certificate/348e9f5e-6a42-4dc6-b428-fafa0f031d66",
            "default_action": [
              {
                "authenticate_cognito": [],
                "authenticate_oidc": [],
                "fixed_response": [],
                "forward": [],
                "order": 1,
                "redirect": [],
                "target_group_arn": "arn:aws:elasticloadbalancing:ap-south-1:782208973532:targetgroup/vishnu-terraform-tg-ror/d8c4e310cd9481f1",
                "type": "forward"
              }
            ],
            "id": "arn:aws:elasticloadbalancing:ap-south-1:782208973532:listener/app/vishnu-terraform-alb-ror/5ab536df0ee6e498/36eec19792828db2",
            "load_balancer_arn": "arn:aws:elasticloadbalancing:ap-south-1:782208973532:loadbalancer/app/vishnu-terraform-alb-ror/5ab536df0ee6e498",
            "mutual_authentication": [
              {
                "advertise_trust_store_ca_names": "",
                "ignore_client_certificate_expiry": false,
                "mode": "off",
                "trust_store_arn": ""
              }
            ],
            "port": 443,
            "protocol": "HTTPS",
            "routing_http_request_x_amzn_mtls_clientcert_header_name": "",
            "routing_http_request_x_amzn_mtls_clientcert_issuer_header_name": "",
            "routing_http_request_x_amzn_mtls_clientcert_leaf_header_name": "",
            "routing_http_request_x_amzn_mtls_clientcert_serial_number_header_name": "",
            "routing_http_request_x_amzn_mtls_clientcert_subject_header_name": "",
            "routing_http_request_x_amzn_mtls_clientcert_validity_header_name": "",
            "routing_http_request_x_amzn_tls_cipher_suite_header_name": "",
            "routing_http_request_x_amzn_tls_version_header_name": "",
            "routing_http_response_access_control_allow_credentials_header_value": "",
            "routing_http_response_access_control_allow_headers_header_value": "",
            "routing_http_response_access_control_allow_methods_header_value": "",
            "routing_http_response_access_control_allow_origin_header_value": "",
            "routing_http_response_access_control_expose_headers_header_value": "",
            "routing_http_response_access_control_max_age_header_value": "",
            "routing_http_response_content_security_policy_header_value": "",
            "routing_http_response_server_enabled": true,
            "routing_http_response_strict_transport_security_header_value": "",
            "routing_http_response_x_content_type_options_header_value": "",
            "routing_http_response_x_frame_options_header_value": "",
            "ssl_policy": "ELBSecurityPolicy-TLS13-1-2-2021-06",
            "tags": {
              "Name": "vishnu_terraform_https_listener_ror"
            },
            "tags_all": {
              "Name": "vishnu_terraform_https_listener_ror"
            },
            "tcp_idle_timeout_seconds": null,
            "timeouts": null
          },
          "sensitive_attributes": [],
          "identity_schema_version": 0,
          "private": "eyJlMmJmYjczMC1lY2FhLTExZTYtOGY4OC0zNDM2M2JjN2M0YzAiOnsiY3JlYXRlIjozMDAwMDAwMDAwMDAsInVwZGF0ZSI6MzAwMDAwMDAwMDAwfX0=",
          "dependencies": [
            "aws_lb.vishnu_terraform_alb_ror",
            "aws_lb_target_group.vishnu_terraform_tg_ror",
            "aws_security_group.vishnu_terraform_sg_alb_ror",
            "aws_subnet.vishnu_terraform_public_subnet_ror",
            "aws_vpc.vishnu_terraform_vpc_ror"
          ]
        }
      ]
    },
    {
      "mode": "managed",
      "type": "aws_lb_listener_rule",
      "name": "vishnu_terraform_php_rule_ror",
      "provider": "provider[\"registry.terraform.io/hashicorp/aws\"]",
      "instances": [
        {
          "schema_version": 0,
          "attributes": {
            "action": [
              {
                "authenticate_cognito": [],
                "authenticate_oidc": [],
                "fixed_response": [],
                "forward": [],
                "order": 1,
                "redirect": [],
                "target_group_arn": "arn:aws:elasticloadbalancing:ap-south-1:782208973532:targetgroup/vishnu-terraform-tg-php/cce6c04d5a808c30",
                "type": "forward"
              }
            ],
            "arn": "arn:aws:elasticloadbalancing:ap-south-1:782208973532:listener-rule/app/vishnu-terraform-alb-ror/5ab536df0ee6e498/36eec19792828db2/a0cbf33921ac3786",
            "condition": [
              {
                "host_header": [
                  {
                    "values": [
                      "food.vichubro.online"
                    ]
                  }
                ],
                "http_header": [],
                "http_request_method": [],
                "path_pattern": [],
                "query_string": [],
                "source_ip": []
              }
            ],
            "id": "arn:aws:elasticloadbalancing:ap-south-1:782208973532:listener-rule/app/vishnu-terraform-alb-ror/5ab536df0ee6e498/36eec19792828db2/a0cbf33921ac3786",
            "listener_arn": "arn:aws:elasticloadbalancing:ap-south-1:782208973532:listener/app/vishnu-terraform-alb-ror/5ab536df0ee6e498/36eec19792828db2",
            "priority": 10,
            "tags": {
              "Name": "vishnu_terraform_php_rule_ror"
            },
            "tags_all": {
              "Name": "vishnu_terraform_php_rule_ror"
            }
          },
          "sensitive_attributes": [],
          "identity_schema_version": 0,
          "private": "bnVsbA==",
          "dependencies": [
            "aws_lb.vishnu_terraform_alb_ror",
            "aws_lb_listener.vishnu_terraform_https_listener_ror",
            "aws_lb_target_group.vishnu_terraform_tg_php",
            "aws_lb_target_group.vishnu_terraform_tg_ror",
            "aws_security_group.vishnu_terraform_sg_alb_ror",
            "aws_subnet.vishnu_terraform_public_subnet_ror",
            "aws_vpc.vishnu_terraform_vpc_ror"
          ]
        }
      ]
    },
    {
      "mode": "managed",
      "type": "aws_lb_target_group",
      "name": "vishnu_terraform_tg_php",
      "provider": "provider[\"registry.terraform.io/hashicorp/aws\"]",
      "instances": [
        {
          "schema_version": 0,
          "attributes": {
            "arn": "arn:aws:elasticloadbalancing:ap-south-1:782208973532:targetgroup/vishnu-terraform-tg-php/cce6c04d5a808c30",
            "arn_suffix": "targetgroup/vishnu-terraform-tg-php/cce6c04d5a808c30",
            "connection_termination": null,
            "deregistration_delay": "300",
            "health_check": [
              {
                "enabled": true,
                "healthy_threshold": 2,
                "interval": 30,
                "matcher": "200-399",
                "path": "/",
                "port": "traffic-port",
                "protocol": "HTTP",
                "timeout": 5,
                "unhealthy_threshold": 3
              }
            ],
            "id": "arn:aws:elasticloadbalancing:ap-south-1:782208973532:targetgroup/vishnu-terraform-tg-php/cce6c04d5a808c30",
            "ip_address_type": "ipv4",
            "lambda_multi_value_headers_enabled": false,
            "load_balancer_arns": [],
            "load_balancing_algorithm_type": "round_robin",
            "load_balancing_anomaly_mitigation": "off",
            "load_balancing_cross_zone_enabled": "use_load_balancer_configuration",
            "name": "vishnu-terraform-tg-php",
            "name_prefix": "",
            "port": 80,
            "preserve_client_ip": null,
            "protocol": "HTTP",
            "protocol_version": "HTTP1",
            "proxy_protocol_v2": false,
            "slow_start": 0,
            "stickiness": [
              {
                "cookie_duration": 86400,
                "cookie_name": "",
                "enabled": false,
                "type": "lb_cookie"
              }
            ],
            "tags": {
              "Name": "vishnu_terraform_tg_php"
            },
            "tags_all": {
              "Name": "vishnu_terraform_tg_php"
            },
            "target_failover": [
              {
                "on_deregistration": null,
                "on_unhealthy": null
              }
            ],
            "target_group_health": [
              {
                "dns_failover": [
                  {
                    "minimum_healthy_targets_count": "1",
                    "minimum_healthy_targets_percentage": "off"
                  }
                ],
                "unhealthy_state_routing": [
                  {
                    "minimum_healthy_targets_count": 1,
                    "minimum_healthy_targets_percentage": "off"
                  }
                ]
              }
            ],
            "target_health_state": [
              {
                "enable_unhealthy_connection_termination": null,
                "unhealthy_draining_interval": null
              }
            ],
            "target_type": "instance",
            "vpc_id": "vpc-05d7439bb90bbc1bc"
          },
          "sensitive_attributes": [],
          "identity_schema_version": 0,
          "private": "bnVsbA==",
          "dependencies": [
            "aws_vpc.vishnu_terraform_vpc_ror"
          ]
        }
      ]
    },
    {
      "mode": "managed",
      "type": "aws_lb_target_group",
      "name": "vishnu_terraform_tg_ror",
      "provider": "provider[\"registry.terraform.io/hashicorp/aws\"]",
      "instances": [
        {
          "schema_version": 0,
          "attributes": {
            "arn": "arn:aws:elasticloadbalancing:ap-south-1:782208973532:targetgroup/vishnu-terraform-tg-ror/d8c4e310cd9481f1",
            "arn_suffix": "targetgroup/vishnu-terraform-tg-ror/d8c4e310cd9481f1",
            "connection_termination": null,
            "deregistration_delay": "300",
            "health_check": [
              {
                "enabled": true,
                "healthy_threshold": 2,
                "interval": 30,
                "matcher": "200-399",
                "path": "/",
                "port": "traffic-port",
                "protocol": "HTTP",
                "timeout": 5,
                "unhealthy_threshold": 3
              }
            ],
            "id": "arn:aws:elasticloadbalancing:ap-south-1:782208973532:targetgroup/vishnu-terraform-tg-ror/d8c4e310cd9481f1",
            "ip_address_type": "ipv4",
            "lambda_multi_value_headers_enabled": false,
            "load_balancer_arns": [],
            "load_balancing_algorithm_type": "round_robin",
            "load_balancing_anomaly_mitigation": "off",
            "load_balancing_cross_zone_enabled": "use_load_balancer_configuration",
            "name": "vishnu-terraform-tg-ror",
            "name_prefix": "",
            "port": 3000,
            "preserve_client_ip": null,
            "protocol": "HTTP",
            "protocol_version": "HTTP1",
            "proxy_protocol_v2": false,
            "slow_start": 0,
            "stickiness": [
              {
                "cookie_duration": 86400,
                "cookie_name": "",
                "enabled": false,
                "type": "lb_cookie"
              }
            ],
            "tags": {
              "Name": "vishnu_terraform_tg_ror"
            },
            "tags_all": {
              "Name": "vishnu_terraform_tg_ror"
            },
            "target_failover": [
              {
                "on_deregistration": null,
                "on_unhealthy": null
              }
            ],
            "target_group_health": [
              {
                "dns_failover": [
                  {
                    "minimum_healthy_targets_count": "1",
                    "minimum_healthy_targets_percentage": "off"
                  }
                ],
                "unhealthy_state_routing": [
                  {
                    "minimum_healthy_targets_count": 1,
                    "minimum_healthy_targets_percentage": "off"
                  }
                ]
              }
            ],
            "target_health_state": [
              {
                "enable_unhealthy_connection_termination": null,
                "unhealthy_draining_interval": null
              }
            ],
            "target_type": "instance",
            "vpc_id": "vpc-05d7439bb90bbc1bc"
          },
          "sensitive_attributes": [],
          "identity_schema_version": 0,
          "private": "bnVsbA==",
          "dependencies": [
            "aws_vpc.vishnu_terraform_vpc_ror"
          ]
        }
      ]
    },
    {
      "mode": "managed",
      "type": "aws_nat_gateway",
      "name": "vishnu_terraform_nat_ror",
      "provider": "provider[\"registry.terraform.io/hashicorp/aws\"]",
      "instances": [
        {
          "index_key": 0,
          "schema_version": 0,
          "attributes": {
            "allocation_id": "eipalloc-0df088da49f83b504",
            "association_id": "eipassoc-08a2888b40fe3c1ae",
            "connectivity_type": "public",
            "id": "nat-0a122c9b1e65cdd4e",
            "network_interface_id": "eni-02501ad7b32c10134",
            "private_ip": "10.30.1.77",
            "public_ip": "13.235.224.16",
            "secondary_allocation_ids": [],
            "secondary_private_ip_address_count": 0,
            "secondary_private_ip_addresses": [],
            "subnet_id": "subnet-0003a1330a1d6a963",
            "tags": {
              "Name": "vishnu_terraform_nat_ror_1"
            },
            "tags_all": {
              "Name": "vishnu_terraform_nat_ror_1"
            },
            "timeouts": null
          },
          "sensitive_attributes": [],
          "identity_schema_version": 0,
          "private": "eyJlMmJmYjczMC1lY2FhLTExZTYtOGY4OC0zNDM2M2JjN2M0YzAiOnsiY3JlYXRlIjo2MDAwMDAwMDAwMDAsImRlbGV0ZSI6MTgwMDAwMDAwMDAwMCwidXBkYXRlIjo2MDAwMDAwMDAwMDB9fQ==",
          "dependencies": [
            "aws_eip.vishnu_terraform_nat_eip_ror",
            "aws_internet_gateway.vishnu_terraform_igw_ror",
            "aws_subnet.vishnu_terraform_public_subnet_ror",
            "aws_vpc.vishnu_terraform_vpc_ror"
          ]
        },
        {
          "index_key": 1,
          "schema_version": 0,
          "attributes": {
            "allocation_id": "eipalloc-0c18b1c96af682d9c",
            "association_id": "eipassoc-0a7088dfa1c86ad9a",
            "connectivity_type": "public",
            "id": "nat-0eea15c353b851ba7",
            "network_interface_id": "eni-07d7daad06a5f916e",
            "private_ip": "10.30.2.105",
            "public_ip": "35.154.109.190",
            "secondary_allocation_ids": [],
            "secondary_private_ip_address_count": 0,
            "secondary_private_ip_addresses": [],
            "subnet_id": "subnet-0084bf86369833adb",
            "tags": {
              "Name": "vishnu_terraform_nat_ror_2"
            },
            "tags_all": {
              "Name": "vishnu_terraform_nat_ror_2"
            },
            "timeouts": null
          },
          "sensitive_attributes": [],
          "identity_schema_version": 0,
          "private": "eyJlMmJmYjczMC1lY2FhLTExZTYtOGY4OC0zNDM2M2JjN2M0YzAiOnsiY3JlYXRlIjo2MDAwMDAwMDAwMDAsImRlbGV0ZSI6MTgwMDAwMDAwMDAwMCwidXBkYXRlIjo2MDAwMDAwMDAwMDB9fQ==",
          "dependencies": [
            "aws_eip.vishnu_terraform_nat_eip_ror",
            "aws_internet_gateway.vishnu_terraform_igw_ror",
            "aws_subnet.vishnu_terraform_public_subnet_ror",
            "aws_vpc.vishnu_terraform_vpc_ror"
          ]
        }
      ]
    },
    {
      "mode": "managed",
      "type": "aws_network_acl",
      "name": "vishnu_terraform_private_nacl_ror",
      "provider": "provider[\"registry.terraform.io/hashicorp/aws\"]",
      "instances": [
        {
          "schema_version": 0,
          "attributes": {
            "arn": "arn:aws:ec2:ap-south-1:782208973532:network-acl/acl-0995d7c5c81051dd2",
            "egress": [
              {
                "action": "allow",
                "cidr_block": "0.0.0.0/0",
                "from_port": 0,
                "icmp_code": 0,
                "icmp_type": 0,
                "ipv6_cidr_block": "",
                "protocol": "-1",
                "rule_no": 100,
                "to_port": 0
              }
            ],
            "id": "acl-0995d7c5c81051dd2",
            "ingress": [
              {
                "action": "allow",
                "cidr_block": "0.0.0.0/0",
                "from_port": 1024,
                "icmp_code": 0,
                "icmp_type": 0,
                "ipv6_cidr_block": "",
                "protocol": "6",
                "rule_no": 110,
                "to_port": 65535
              },
              {
                "action": "allow",
                "cidr_block": "10.30.0.0/16",
                "from_port": 0,
                "icmp_code": 0,
                "icmp_type": 0,
                "ipv6_cidr_block": "",
                "protocol": "-1",
                "rule_no": 100,
                "to_port": 0
              }
            ],
            "owner_id": "782208973532",
            "subnet_ids": [
              "subnet-075d95922fccde2bc",
              "subnet-0ff730b0ed4d5061e"
            ],
            "tags": {
              "Name": "vishnu_terraform_private_nacl_ror"
            },
            "tags_all": {
              "Name": "vishnu_terraform_private_nacl_ror"
            },
            "vpc_id": "vpc-05d7439bb90bbc1bc"
          },
          "sensitive_attributes": [],
          "identity_schema_version": 0,
          "private": "bnVsbA==",
          "dependencies": [
            "aws_subnet.vishnu_terraform_private_subnet_ror",
            "aws_vpc.vishnu_terraform_vpc_ror"
          ]
        }
      ]
    },
    {
      "mode": "managed",
      "type": "aws_network_acl",
      "name": "vishnu_terraform_public_nacl_ror",
      "provider": "provider[\"registry.terraform.io/hashicorp/aws\"]",
      "instances": [
        {
          "schema_version": 0,
          "attributes": {
            "arn": "arn:aws:ec2:ap-south-1:782208973532:network-acl/acl-0ad0d7bf840867ca1",
            "egress": [
              {
                "action": "allow",
                "cidr_block": "0.0.0.0/0",
                "from_port": 0,
                "icmp_code": 0,
                "icmp_type": 0,
                "ipv6_cidr_block": "",
                "protocol": "-1",
                "rule_no": 100,
                "to_port": 0
              }
            ],
            "id": "acl-0ad0d7bf840867ca1",
            "ingress": [
              {
                "action": "allow",
                "cidr_block": "0.0.0.0/0",
                "from_port": 1024,
                "icmp_code": 0,
                "icmp_type": 0,
                "ipv6_cidr_block": "",
                "protocol": "6",
                "rule_no": 130,
                "to_port": 65535
              },
              {
                "action": "allow",
                "cidr_block": "0.0.0.0/0",
                "from_port": 22,
                "icmp_code": 0,
                "icmp_type": 0,
                "ipv6_cidr_block": "",
                "protocol": "6",
                "rule_no": 120,
                "to_port": 22
              },
              {
                "action": "allow",
                "cidr_block": "0.0.0.0/0",
                "from_port": 443,
                "icmp_code": 0,
                "icmp_type": 0,
                "ipv6_cidr_block": "",
                "protocol": "6",
                "rule_no": 110,
                "to_port": 443
              },
              {
                "action": "allow",
                "cidr_block": "0.0.0.0/0",
                "from_port": 80,
                "icmp_code": 0,
                "icmp_type": 0,
                "ipv6_cidr_block": "",
                "protocol": "6",
                "rule_no": 100,
                "to_port": 80
              }
            ],
            "owner_id": "782208973532",
            "subnet_ids": [
              "subnet-0003a1330a1d6a963",
              "subnet-0084bf86369833adb"
            ],
            "tags": {
              "Name": "vishnu_terraform_public_nacl_ror"
            },
            "tags_all": {
              "Name": "vishnu_terraform_public_nacl_ror"
            },
            "vpc_id": "vpc-05d7439bb90bbc1bc"
          },
          "sensitive_attributes": [],
          "identity_schema_version": 0,
          "private": "bnVsbA==",
          "dependencies": [
            "aws_subnet.vishnu_terraform_public_subnet_ror",
            "aws_vpc.vishnu_terraform_vpc_ror"
          ]
        }
      ]
    },
    {
      "mode": "managed",
      "type": "aws_route53_record",
      "name": "vishnu_terraform_dns_php",
      "provider": "provider[\"registry.terraform.io/hashicorp/aws\"]",
      "instances": [
        {
          "schema_version": 2,
          "attributes": {
            "alias": [
              {
                "evaluate_target_health": true,
                "name": "vishnu-terraform-alb-ror-1195332563.ap-south-1.elb.amazonaws.com",
                "zone_id": "ZP97RAFLXTNZK"
              }
            ],
            "allow_overwrite": null,
            "cidr_routing_policy": [],
            "failover_routing_policy": [],
            "fqdn": "food.vichubro.online",
            "geolocation_routing_policy": [],
            "geoproximity_routing_policy": [],
            "health_check_id": "",
            "id": "Z08178942E00TQHVSB8OC_food.vichubro.online_A",
            "latency_routing_policy": [],
            "multivalue_answer_routing_policy": false,
            "name": "food.vichubro.online",
            "records": null,
            "set_identifier": "",
            "timeouts": null,
            "ttl": 0,
            "type": "A",
            "weighted_routing_policy": [],
            "zone_id": "Z08178942E00TQHVSB8OC"
          },
          "sensitive_attributes": [],
          "identity_schema_version": 0,
          "private": "eyJlMmJmYjczMC1lY2FhLTExZTYtOGY4OC0zNDM2M2JjN2M0YzAiOnsiY3JlYXRlIjoxODAwMDAwMDAwMDAwLCJkZWxldGUiOjE4MDAwMDAwMDAwMDAsInVwZGF0ZSI6MTgwMDAwMDAwMDAwMH0sInNjaGVtYV92ZXJzaW9uIjoiMiJ9",
          "dependencies": [
            "aws_lb.vishnu_terraform_alb_ror",
            "aws_security_group.vishnu_terraform_sg_alb_ror",
            "aws_subnet.vishnu_terraform_public_subnet_ror",
            "aws_vpc.vishnu_terraform_vpc_ror",
            "data.aws_route53_zone.vishnu_terraform_zone_ror"
          ]
        }
      ]
    },
    {
      "mode": "managed",
      "type": "aws_route53_record",
      "name": "vishnu_terraform_dns_ror",
      "provider": "provider[\"registry.terraform.io/hashicorp/aws\"]",
      "instances": [
        {
          "schema_version": 2,
          "attributes": {
            "alias": [
              {
                "evaluate_target_health": true,
                "name": "vishnu-terraform-alb-ror-1195332563.ap-south-1.elb.amazonaws.com",
                "zone_id": "ZP97RAFLXTNZK"
              }
            ],
            "allow_overwrite": null,
            "cidr_routing_policy": [],
            "failover_routing_policy": [],
            "fqdn": "movies.vichubro.online",
            "geolocation_routing_policy": [],
            "geoproximity_routing_policy": [],
            "health_check_id": "",
            "id": "Z08178942E00TQHVSB8OC_movies.vichubro.online_A",
            "latency_routing_policy": [],
            "multivalue_answer_routing_policy": false,
            "name": "movies.vichubro.online",
            "records": null,
            "set_identifier": "",
            "timeouts": null,
            "ttl": 0,
            "type": "A",
            "weighted_routing_policy": [],
            "zone_id": "Z08178942E00TQHVSB8OC"
          },
          "sensitive_attributes": [],
          "identity_schema_version": 0,
          "private": "eyJlMmJmYjczMC1lY2FhLTExZTYtOGY4OC0zNDM2M2JjN2M0YzAiOnsiY3JlYXRlIjoxODAwMDAwMDAwMDAwLCJkZWxldGUiOjE4MDAwMDAwMDAwMDAsInVwZGF0ZSI6MTgwMDAwMDAwMDAwMH0sInNjaGVtYV92ZXJzaW9uIjoiMiJ9",
          "dependencies": [
            "aws_lb.vishnu_terraform_alb_ror",
            "aws_security_group.vishnu_terraform_sg_alb_ror",
            "aws_subnet.vishnu_terraform_public_subnet_ror",
            "aws_vpc.vishnu_terraform_vpc_ror",
            "data.aws_route53_zone.vishnu_terraform_zone_ror"
          ]
        }
      ]
    },
    {
      "mode": "managed",
      "type": "aws_route_table",
      "name": "vishnu_terraform_private_rt_ror",
      "provider": "provider[\"registry.terraform.io/hashicorp/aws\"]",
      "instances": [
        {
          "index_key": 0,
          "schema_version": 0,
          "attributes": {
            "arn": "arn:aws:ec2:ap-south-1:782208973532:route-table/rtb-00cca2173f4d303ac",
            "id": "rtb-00cca2173f4d303ac",
            "owner_id": "782208973532",
            "propagating_vgws": [],
            "route": [
              {
                "carrier_gateway_id": "",
                "cidr_block": "0.0.0.0/0",
                "core_network_arn": "",
                "destination_prefix_list_id": "",
                "egress_only_gateway_id": "",
                "gateway_id": "",
                "ipv6_cidr_block": "",
                "local_gateway_id": "",
                "nat_gateway_id": "nat-0a122c9b1e65cdd4e",
                "network_interface_id": "",
                "transit_gateway_id": "",
                "vpc_endpoint_id": "",
                "vpc_peering_connection_id": ""
              }
            ],
            "tags": {
              "Name": "vishnu_terraform_private_rt_ror_1"
            },
            "tags_all": {
              "Name": "vishnu_terraform_private_rt_ror_1"
            },
            "timeouts": null,
            "vpc_id": "vpc-05d7439bb90bbc1bc"
          },
          "sensitive_attributes": [],
          "identity_schema_version": 0,
          "private": "eyJlMmJmYjczMC1lY2FhLTExZTYtOGY4OC0zNDM2M2JjN2M0YzAiOnsiY3JlYXRlIjozMDAwMDAwMDAwMDAsImRlbGV0ZSI6MzAwMDAwMDAwMDAwLCJ1cGRhdGUiOjEyMDAwMDAwMDAwMH19",
          "dependencies": [
            "aws_eip.vishnu_terraform_nat_eip_ror",
            "aws_internet_gateway.vishnu_terraform_igw_ror",
            "aws_nat_gateway.vishnu_terraform_nat_ror",
            "aws_subnet.vishnu_terraform_public_subnet_ror",
            "aws_vpc.vishnu_terraform_vpc_ror"
          ]
        },
        {
          "index_key": 1,
          "schema_version": 0,
          "attributes": {
            "arn": "arn:aws:ec2:ap-south-1:782208973532:route-table/rtb-03c4347f4fd727755",
            "id": "rtb-03c4347f4fd727755",
            "owner_id": "782208973532",
            "propagating_vgws": [],
            "route": [
              {
                "carrier_gateway_id": "",
                "cidr_block": "0.0.0.0/0",
                "core_network_arn": "",
                "destination_prefix_list_id": "",
                "egress_only_gateway_id": "",
                "gateway_id": "",
                "ipv6_cidr_block": "",
                "local_gateway_id": "",
                "nat_gateway_id": "nat-0eea15c353b851ba7",
                "network_interface_id": "",
                "transit_gateway_id": "",
                "vpc_endpoint_id": "",
                "vpc_peering_connection_id": ""
              }
            ],
            "tags": {
              "Name": "vishnu_terraform_private_rt_ror_2"
            },
            "tags_all": {
              "Name": "vishnu_terraform_private_rt_ror_2"
            },
            "timeouts": null,
            "vpc_id": "vpc-05d7439bb90bbc1bc"
          },
          "sensitive_attributes": [],
          "identity_schema_version": 0,
          "private": "eyJlMmJmYjczMC1lY2FhLTExZTYtOGY4OC0zNDM2M2JjN2M0YzAiOnsiY3JlYXRlIjozMDAwMDAwMDAwMDAsImRlbGV0ZSI6MzAwMDAwMDAwMDAwLCJ1cGRhdGUiOjEyMDAwMDAwMDAwMH19",
          "dependencies": [
            "aws_eip.vishnu_terraform_nat_eip_ror",
            "aws_internet_gateway.vishnu_terraform_igw_ror",
            "aws_nat_gateway.vishnu_terraform_nat_ror",
            "aws_subnet.vishnu_terraform_public_subnet_ror",
            "aws_vpc.vishnu_terraform_vpc_ror"
          ]
        }
      ]
    },
    {
      "mode": "managed",
      "type": "aws_route_table",
      "name": "vishnu_terraform_public_rt_ror",
      "provider": "provider[\"registry.terraform.io/hashicorp/aws\"]",
      "instances": [
        {
          "schema_version": 0,
          "attributes": {
            "arn": "arn:aws:ec2:ap-south-1:782208973532:route-table/rtb-0688ea0143a9f603b",
            "id": "rtb-0688ea0143a9f603b",
            "owner_id": "782208973532",
            "propagating_vgws": [],
            "route": [
              {
                "carrier_gateway_id": "",
                "cidr_block": "0.0.0.0/0",
                "core_network_arn": "",
                "destination_prefix_list_id": "",
                "egress_only_gateway_id": "",
                "gateway_id": "igw-0a0026ad49aeed279",
                "ipv6_cidr_block": "",
                "local_gateway_id": "",
                "nat_gateway_id": "",
                "network_interface_id": "",
                "transit_gateway_id": "",
                "vpc_endpoint_id": "",
                "vpc_peering_connection_id": ""
              }
            ],
            "tags": {
              "Name": "vishnu_terraform_public_rt_ror"
            },
            "tags_all": {
              "Name": "vishnu_terraform_public_rt_ror"
            },
            "timeouts": null,
            "vpc_id": "vpc-05d7439bb90bbc1bc"
          },
          "sensitive_attributes": [],
          "identity_schema_version": 0,
          "private": "eyJlMmJmYjczMC1lY2FhLTExZTYtOGY4OC0zNDM2M2JjN2M0YzAiOnsiY3JlYXRlIjozMDAwMDAwMDAwMDAsImRlbGV0ZSI6MzAwMDAwMDAwMDAwLCJ1cGRhdGUiOjEyMDAwMDAwMDAwMH19",
          "dependencies": [
            "aws_internet_gateway.vishnu_terraform_igw_ror",
            "aws_vpc.vishnu_terraform_vpc_ror"
          ]
        }
      ]
    },
    {
      "mode": "managed",
      "type": "aws_route_table_association",
      "name": "vishnu_terraform_private_rta_ror",
      "provider": "provider[\"registry.terraform.io/hashicorp/aws\"]",
      "instances": [
        {
          "index_key": 0,
          "schema_version": 0,
          "attributes": {
            "gateway_id": "",
            "id": "rtbassoc-0884b59cd33391d0b",
            "route_table_id": "rtb-00cca2173f4d303ac",
            "subnet_id": "subnet-0ff730b0ed4d5061e",
            "timeouts": null
          },
          "sensitive_attributes": [],
          "identity_schema_version": 0,
          "private": "eyJlMmJmYjczMC1lY2FhLTExZTYtOGY4OC0zNDM2M2JjN2M0YzAiOnsiY3JlYXRlIjozMDAwMDAwMDAwMDAsImRlbGV0ZSI6MzAwMDAwMDAwMDAwLCJ1cGRhdGUiOjEyMDAwMDAwMDAwMH19",
          "dependencies": [
            "aws_eip.vishnu_terraform_nat_eip_ror",
            "aws_internet_gateway.vishnu_terraform_igw_ror",
            "aws_nat_gateway.vishnu_terraform_nat_ror",
            "aws_route_table.vishnu_terraform_private_rt_ror",
            "aws_subnet.vishnu_terraform_private_subnet_ror",
            "aws_subnet.vishnu_terraform_public_subnet_ror",
            "aws_vpc.vishnu_terraform_vpc_ror"
          ]
        },
        {
          "index_key": 1,
          "schema_version": 0,
          "attributes": {
            "gateway_id": "",
            "id": "rtbassoc-02e1d476b8ba3bde1",
            "route_table_id": "rtb-03c4347f4fd727755",
            "subnet_id": "subnet-075d95922fccde2bc",
            "timeouts": null
          },
          "sensitive_attributes": [],
          "identity_schema_version": 0,
          "private": "eyJlMmJmYjczMC1lY2FhLTExZTYtOGY4OC0zNDM2M2JjN2M0YzAiOnsiY3JlYXRlIjozMDAwMDAwMDAwMDAsImRlbGV0ZSI6MzAwMDAwMDAwMDAwLCJ1cGRhdGUiOjEyMDAwMDAwMDAwMH19",
          "dependencies": [
            "aws_eip.vishnu_terraform_nat_eip_ror",
            "aws_internet_gateway.vishnu_terraform_igw_ror",
            "aws_nat_gateway.vishnu_terraform_nat_ror",
            "aws_route_table.vishnu_terraform_private_rt_ror",
            "aws_subnet.vishnu_terraform_private_subnet_ror",
            "aws_subnet.vishnu_terraform_public_subnet_ror",
            "aws_vpc.vishnu_terraform_vpc_ror"
          ]
        }
      ]
    },
    {
      "mode": "managed",
      "type": "aws_route_table_association",
      "name": "vishnu_terraform_public_rta_ror",
      "provider": "provider[\"registry.terraform.io/hashicorp/aws\"]",
      "instances": [
        {
          "index_key": 0,
          "schema_version": 0,
          "attributes": {
            "gateway_id": "",
            "id": "rtbassoc-0fcc09de5f37927c0",
            "route_table_id": "rtb-0688ea0143a9f603b",
            "subnet_id": "subnet-0003a1330a1d6a963",
            "timeouts": null
          },
          "sensitive_attributes": [],
          "identity_schema_version": 0,
          "private": "eyJlMmJmYjczMC1lY2FhLTExZTYtOGY4OC0zNDM2M2JjN2M0YzAiOnsiY3JlYXRlIjozMDAwMDAwMDAwMDAsImRlbGV0ZSI6MzAwMDAwMDAwMDAwLCJ1cGRhdGUiOjEyMDAwMDAwMDAwMH19",
          "dependencies": [
            "aws_internet_gateway.vishnu_terraform_igw_ror",
            "aws_route_table.vishnu_terraform_public_rt_ror",
            "aws_subnet.vishnu_terraform_public_subnet_ror",
            "aws_vpc.vishnu_terraform_vpc_ror"
          ]
        },
        {
          "index_key": 1,
          "schema_version": 0,
          "attributes": {
            "gateway_id": "",
            "id": "rtbassoc-061d1b6b402cc4ae6",
            "route_table_id": "rtb-0688ea0143a9f603b",
            "subnet_id": "subnet-0084bf86369833adb",
            "timeouts": null
          },
          "sensitive_attributes": [],
          "identity_schema_version": 0,
          "private": "eyJlMmJmYjczMC1lY2FhLTExZTYtOGY4OC0zNDM2M2JjN2M0YzAiOnsiY3JlYXRlIjozMDAwMDAwMDAwMDAsImRlbGV0ZSI6MzAwMDAwMDAwMDAwLCJ1cGRhdGUiOjEyMDAwMDAwMDAwMH19",
          "dependencies": [
            "aws_internet_gateway.vishnu_terraform_igw_ror",
            "aws_route_table.vishnu_terraform_public_rt_ror",
            "aws_subnet.vishnu_terraform_public_subnet_ror",
            "aws_vpc.vishnu_terraform_vpc_ror"
          ]
        }
      ]
    },
    {
      "mode": "managed",
      "type": "aws_security_group",
      "name": "vishnu_terraform_sg_alb_ror",
      "provider": "provider[\"registry.terraform.io/hashicorp/aws\"]",
      "instances": [
        {
          "schema_version": 1,
          "attributes": {
            "arn": "arn:aws:ec2:ap-south-1:782208973532:security-group/sg-03cb855d37f4fd24f",
            "description": "Allow HTTP and HTTPS inbound to ALB",
            "egress": [
              {
                "cidr_blocks": [
                  "0.0.0.0/0"
                ],
                "description": "All outbound",
                "from_port": 0,
                "ipv6_cidr_blocks": [],
                "prefix_list_ids": [],
                "protocol": "-1",
                "security_groups": [],
                "self": false,
                "to_port": 0
              }
            ],
            "id": "sg-03cb855d37f4fd24f",
            "ingress": [
              {
                "cidr_blocks": [
                  "0.0.0.0/0"
                ],
                "description": "HTTP from internet",
                "from_port": 80,
                "ipv6_cidr_blocks": [],
                "prefix_list_ids": [],
                "protocol": "tcp",
                "security_groups": [],
                "self": false,
                "to_port": 80
              },
              {
                "cidr_blocks": [
                  "0.0.0.0/0"
                ],
                "description": "HTTPS from internet",
                "from_port": 443,
                "ipv6_cidr_blocks": [],
                "prefix_list_ids": [],
                "protocol": "tcp",
                "security_groups": [],
                "self": false,
                "to_port": 443
              }
            ],
            "name": "vishnu_terraform_sg_alb_ror",
            "name_prefix": "",
            "owner_id": "782208973532",
            "revoke_rules_on_delete": false,
            "tags": {
              "Name": "vishnu_terraform_sg_alb_ror"
            },
            "tags_all": {
              "Name": "vishnu_terraform_sg_alb_ror"
            },
            "timeouts": null,
            "vpc_id": "vpc-05d7439bb90bbc1bc"
          },
          "sensitive_attributes": [],
          "identity_schema_version": 0,
          "private": "eyJlMmJmYjczMC1lY2FhLTExZTYtOGY4OC0zNDM2M2JjN2M0YzAiOnsiY3JlYXRlIjo2MDAwMDAwMDAwMDAsImRlbGV0ZSI6OTAwMDAwMDAwMDAwfSwic2NoZW1hX3ZlcnNpb24iOiIxIn0=",
          "dependencies": [
            "aws_vpc.vishnu_terraform_vpc_ror"
          ]
        }
      ]
    },
    {
      "mode": "managed",
      "type": "aws_security_group",
      "name": "vishnu_terraform_sg_bastion_ror",
      "provider": "provider[\"registry.terraform.io/hashicorp/aws\"]",
      "instances": [
        {
          "schema_version": 1,
          "attributes": {
            "arn": "arn:aws:ec2:ap-south-1:782208973532:security-group/sg-094756790fa1b9634",
            "description": "SSH access to bastion host",
            "egress": [
              {
                "cidr_blocks": [
                  "0.0.0.0/0"
                ],
                "description": "",
                "from_port": 0,
                "ipv6_cidr_blocks": [],
                "prefix_list_ids": [],
                "protocol": "-1",
                "security_groups": [],
                "self": false,
                "to_port": 0
              }
            ],
            "id": "sg-094756790fa1b9634",
            "ingress": [
              {
                "cidr_blocks": [
                  "0.0.0.0/0"
                ],
                "description": "SSH access",
                "from_port": 22,
                "ipv6_cidr_blocks": [],
                "prefix_list_ids": [],
                "protocol": "tcp",
                "security_groups": [],
                "self": false,
                "to_port": 22
              }
            ],
            "name": "vishnu_terraform_sg_bastion_ror",
            "name_prefix": "",
            "owner_id": "782208973532",
            "revoke_rules_on_delete": false,
            "tags": {
              "Name": "vishnu_terraform_sg_bastion_ror"
            },
            "tags_all": {
              "Name": "vishnu_terraform_sg_bastion_ror"
            },
            "timeouts": null,
            "vpc_id": "vpc-05d7439bb90bbc1bc"
          },
          "sensitive_attributes": [],
          "identity_schema_version": 0,
          "private": "eyJlMmJmYjczMC1lY2FhLTExZTYtOGY4OC0zNDM2M2JjN2M0YzAiOnsiY3JlYXRlIjo2MDAwMDAwMDAwMDAsImRlbGV0ZSI6OTAwMDAwMDAwMDAwfSwic2NoZW1hX3ZlcnNpb24iOiIxIn0=",
          "dependencies": [
            "aws_vpc.vishnu_terraform_vpc_ror"
          ]
        }
      ]
    },
    {
      "mode": "managed",
      "type": "aws_security_group",
      "name": "vishnu_terraform_sg_ecs_ror",
      "provider": "provider[\"registry.terraform.io/hashicorp/aws\"]",
      "instances": [
        {
          "schema_version": 1,
          "attributes": {
            "arn": "arn:aws:ec2:ap-south-1:782208973532:security-group/sg-0cdbe04bf9d952d22",
            "description": "Allow traffic from ALB to ECS tasks on dynamic port range",
            "egress": [
              {
                "cidr_blocks": [
                  "0.0.0.0/0"
                ],
                "description": "All outbound",
                "from_port": 0,
                "ipv6_cidr_blocks": [],
                "prefix_list_ids": [],
                "protocol": "-1",
                "security_groups": [],
                "self": false,
                "to_port": 0
              }
            ],
            "id": "sg-0cdbe04bf9d952d22",
            "ingress": [
              {
                "cidr_blocks": [],
                "description": "Dynamic ports from ALB",
                "from_port": 32768,
                "ipv6_cidr_blocks": [],
                "prefix_list_ids": [],
                "protocol": "tcp",
                "security_groups": [
                  "sg-03cb855d37f4fd24f"
                ],
                "self": false,
                "to_port": 65535
              },
              {
                "cidr_blocks": [],
                "description": "PHP/Apache app port from ALB",
                "from_port": 80,
                "ipv6_cidr_blocks": [],
                "prefix_list_ids": [],
                "protocol": "tcp",
                "security_groups": [
                  "sg-03cb855d37f4fd24f"
                ],
                "self": false,
                "to_port": 80
              },
              {
                "cidr_blocks": [],
                "description": "RoR app port from ALB (Puma)",
                "from_port": 3000,
                "ipv6_cidr_blocks": [],
                "prefix_list_ids": [],
                "protocol": "tcp",
                "security_groups": [
                  "sg-03cb855d37f4fd24f"
                ],
                "self": false,
                "to_port": 3000
              },
              {
                "cidr_blocks": [],
                "description": "SSH from bastion",
                "from_port": 22,
                "ipv6_cidr_blocks": [],
                "prefix_list_ids": [],
                "protocol": "tcp",
                "security_groups": [
                  "sg-094756790fa1b9634"
                ],
                "self": false,
                "to_port": 22
              }
            ],
            "name": "vishnu_terraform_sg_ecs_ror",
            "name_prefix": "",
            "owner_id": "782208973532",
            "revoke_rules_on_delete": false,
            "tags": {
              "Name": "vishnu_terraform_sg_ecs_ror"
            },
            "tags_all": {
              "Name": "vishnu_terraform_sg_ecs_ror"
            },
            "timeouts": null,
            "vpc_id": "vpc-05d7439bb90bbc1bc"
          },
          "sensitive_attributes": [],
          "identity_schema_version": 0,
          "private": "eyJlMmJmYjczMC1lY2FhLTExZTYtOGY4OC0zNDM2M2JjN2M0YzAiOnsiY3JlYXRlIjo2MDAwMDAwMDAwMDAsImRlbGV0ZSI6OTAwMDAwMDAwMDAwfSwic2NoZW1hX3ZlcnNpb24iOiIxIn0=",
          "dependencies": [
            "aws_security_group.vishnu_terraform_sg_alb_ror",
            "aws_security_group.vishnu_terraform_sg_bastion_ror",
            "aws_vpc.vishnu_terraform_vpc_ror"
          ]
        }
      ]
    },
    {
      "mode": "managed",
      "type": "aws_security_group",
      "name": "vishnu_terraform_sg_rds_ror",
      "provider": "provider[\"registry.terraform.io/hashicorp/aws\"]",
      "instances": [
        {
          "schema_version": 1,
          "attributes": {
            "arn": "arn:aws:ec2:ap-south-1:782208973532:security-group/sg-0cbba60c52b872208",
            "description": "Allow MySQL access from ECS tasks only",
            "egress": [
              {
                "cidr_blocks": [
                  "0.0.0.0/0"
                ],
                "description": "",
                "from_port": 0,
                "ipv6_cidr_blocks": [],
                "prefix_list_ids": [],
                "protocol": "-1",
                "security_groups": [],
                "self": false,
                "to_port": 0
              }
            ],
            "id": "sg-0cbba60c52b872208",
            "ingress": [
              {
                "cidr_blocks": [],
                "description": "MySQL from ECS",
                "from_port": 3306,
                "ipv6_cidr_blocks": [],
                "prefix_list_ids": [],
                "protocol": "tcp",
                "security_groups": [
                  "sg-0cdbe04bf9d952d22"
                ],
                "self": false,
                "to_port": 3306
              },
              {
                "cidr_blocks": [],
                "description": "MySQL from bastion",
                "from_port": 3306,
                "ipv6_cidr_blocks": [],
                "prefix_list_ids": [],
                "protocol": "tcp",
                "security_groups": [
                  "sg-094756790fa1b9634"
                ],
                "self": false,
                "to_port": 3306
              }
            ],
            "name": "vishnu_terraform_sg_rds_ror",
            "name_prefix": "",
            "owner_id": "782208973532",
            "revoke_rules_on_delete": false,
            "tags": {
              "Name": "vishnu_terraform_sg_rds_ror"
            },
            "tags_all": {
              "Name": "vishnu_terraform_sg_rds_ror"
            },
            "timeouts": null,
            "vpc_id": "vpc-05d7439bb90bbc1bc"
          },
          "sensitive_attributes": [],
          "identity_schema_version": 0,
          "private": "eyJlMmJmYjczMC1lY2FhLTExZTYtOGY4OC0zNDM2M2JjN2M0YzAiOnsiY3JlYXRlIjo2MDAwMDAwMDAwMDAsImRlbGV0ZSI6OTAwMDAwMDAwMDAwfSwic2NoZW1hX3ZlcnNpb24iOiIxIn0=",
          "dependencies": [
            "aws_security_group.vishnu_terraform_sg_alb_ror",
            "aws_security_group.vishnu_terraform_sg_bastion_ror",
            "aws_security_group.vishnu_terraform_sg_ecs_ror",
            "aws_vpc.vishnu_terraform_vpc_ror"
          ]
        }
      ]
    },
    {
      "mode": "managed",
      "type": "aws_subnet",
      "name": "vishnu_terraform_private_subnet_ror",
      "provider": "provider[\"registry.terraform.io/hashicorp/aws\"]",
      "instances": [
        {
          "index_key": 0,
          "schema_version": 1,
          "attributes": {
            "arn": "arn:aws:ec2:ap-south-1:782208973532:subnet/subnet-0ff730b0ed4d5061e",
            "assign_ipv6_address_on_creation": false,
            "availability_zone": "ap-south-1a",
            "availability_zone_id": "aps1-az1",
            "cidr_block": "10.30.3.0/24",
            "customer_owned_ipv4_pool": "",
            "enable_dns64": false,
            "enable_lni_at_device_index": 0,
            "enable_resource_name_dns_a_record_on_launch": false,
            "enable_resource_name_dns_aaaa_record_on_launch": false,
            "id": "subnet-0ff730b0ed4d5061e",
            "ipv6_cidr_block": "",
            "ipv6_cidr_block_association_id": "",
            "ipv6_native": false,
            "map_customer_owned_ip_on_launch": false,
            "map_public_ip_on_launch": false,
            "outpost_arn": "",
            "owner_id": "782208973532",
            "private_dns_hostname_type_on_launch": "ip-name",
            "tags": {
              "Name": "vishnu_terraform_private_subnet_ror_1"
            },
            "tags_all": {
              "Name": "vishnu_terraform_private_subnet_ror_1"
            },
            "timeouts": null,
            "vpc_id": "vpc-05d7439bb90bbc1bc"
          },
          "sensitive_attributes": [],
          "identity_schema_version": 0,
          "private": "eyJlMmJmYjczMC1lY2FhLTExZTYtOGY4OC0zNDM2M2JjN2M0YzAiOnsiY3JlYXRlIjo2MDAwMDAwMDAwMDAsImRlbGV0ZSI6MTIwMDAwMDAwMDAwMH0sInNjaGVtYV92ZXJzaW9uIjoiMSJ9",
          "dependencies": [
            "aws_vpc.vishnu_terraform_vpc_ror"
          ]
        },
        {
          "index_key": 1,
          "schema_version": 1,
          "attributes": {
            "arn": "arn:aws:ec2:ap-south-1:782208973532:subnet/subnet-075d95922fccde2bc",
            "assign_ipv6_address_on_creation": false,
            "availability_zone": "ap-south-1b",
            "availability_zone_id": "aps1-az3",
            "cidr_block": "10.30.4.0/24",
            "customer_owned_ipv4_pool": "",
            "enable_dns64": false,
            "enable_lni_at_device_index": 0,
            "enable_resource_name_dns_a_record_on_launch": false,
            "enable_resource_name_dns_aaaa_record_on_launch": false,
            "id": "subnet-075d95922fccde2bc",
            "ipv6_cidr_block": "",
            "ipv6_cidr_block_association_id": "",
            "ipv6_native": false,
            "map_customer_owned_ip_on_launch": false,
            "map_public_ip_on_launch": false,
            "outpost_arn": "",
            "owner_id": "782208973532",
            "private_dns_hostname_type_on_launch": "ip-name",
            "tags": {
              "Name": "vishnu_terraform_private_subnet_ror_2"
            },
            "tags_all": {
              "Name": "vishnu_terraform_private_subnet_ror_2"
            },
            "timeouts": null,
            "vpc_id": "vpc-05d7439bb90bbc1bc"
          },
          "sensitive_attributes": [],
          "identity_schema_version": 0,
          "private": "eyJlMmJmYjczMC1lY2FhLTExZTYtOGY4OC0zNDM2M2JjN2M0YzAiOnsiY3JlYXRlIjo2MDAwMDAwMDAwMDAsImRlbGV0ZSI6MTIwMDAwMDAwMDAwMH0sInNjaGVtYV92ZXJzaW9uIjoiMSJ9",
          "dependencies": [
            "aws_vpc.vishnu_terraform_vpc_ror"
          ]
        }
      ]
    },
    {
      "mode": "managed",
      "type": "aws_subnet",
      "name": "vishnu_terraform_public_subnet_ror",
      "provider": "provider[\"registry.terraform.io/hashicorp/aws\"]",
      "instances": [
        {
          "index_key": 0,
          "schema_version": 1,
          "attributes": {
            "arn": "arn:aws:ec2:ap-south-1:782208973532:subnet/subnet-0003a1330a1d6a963",
            "assign_ipv6_address_on_creation": false,
            "availability_zone": "ap-south-1a",
            "availability_zone_id": "aps1-az1",
            "cidr_block": "10.30.1.0/24",
            "customer_owned_ipv4_pool": "",
            "enable_dns64": false,
            "enable_lni_at_device_index": 0,
            "enable_resource_name_dns_a_record_on_launch": false,
            "enable_resource_name_dns_aaaa_record_on_launch": false,
            "id": "subnet-0003a1330a1d6a963",
            "ipv6_cidr_block": "",
            "ipv6_cidr_block_association_id": "",
            "ipv6_native": false,
            "map_customer_owned_ip_on_launch": false,
            "map_public_ip_on_launch": true,
            "outpost_arn": "",
            "owner_id": "782208973532",
            "private_dns_hostname_type_on_launch": "ip-name",
            "tags": {
              "Name": "vishnu_terraform_public_subnet_ror_1"
            },
            "tags_all": {
              "Name": "vishnu_terraform_public_subnet_ror_1"
            },
            "timeouts": null,
            "vpc_id": "vpc-05d7439bb90bbc1bc"
          },
          "sensitive_attributes": [],
          "identity_schema_version": 0,
          "private": "eyJlMmJmYjczMC1lY2FhLTExZTYtOGY4OC0zNDM2M2JjN2M0YzAiOnsiY3JlYXRlIjo2MDAwMDAwMDAwMDAsImRlbGV0ZSI6MTIwMDAwMDAwMDAwMH0sInNjaGVtYV92ZXJzaW9uIjoiMSJ9",
          "dependencies": [
            "aws_vpc.vishnu_terraform_vpc_ror"
          ]
        },
        {
          "index_key": 1,
          "schema_version": 1,
          "attributes": {
            "arn": "arn:aws:ec2:ap-south-1:782208973532:subnet/subnet-0084bf86369833adb",
            "assign_ipv6_address_on_creation": false,
            "availability_zone": "ap-south-1b",
            "availability_zone_id": "aps1-az3",
            "cidr_block": "10.30.2.0/24",
            "customer_owned_ipv4_pool": "",
            "enable_dns64": false,
            "enable_lni_at_device_index": 0,
            "enable_resource_name_dns_a_record_on_launch": false,
            "enable_resource_name_dns_aaaa_record_on_launch": false,
            "id": "subnet-0084bf86369833adb",
            "ipv6_cidr_block": "",
            "ipv6_cidr_block_association_id": "",
            "ipv6_native": false,
            "map_customer_owned_ip_on_launch": false,
            "map_public_ip_on_launch": true,
            "outpost_arn": "",
            "owner_id": "782208973532",
            "private_dns_hostname_type_on_launch": "ip-name",
            "tags": {
              "Name": "vishnu_terraform_public_subnet_ror_2"
            },
            "tags_all": {
              "Name": "vishnu_terraform_public_subnet_ror_2"
            },
            "timeouts": null,
            "vpc_id": "vpc-05d7439bb90bbc1bc"
          },
          "sensitive_attributes": [],
          "identity_schema_version": 0,
          "private": "eyJlMmJmYjczMC1lY2FhLTExZTYtOGY4OC0zNDM2M2JjN2M0YzAiOnsiY3JlYXRlIjo2MDAwMDAwMDAwMDAsImRlbGV0ZSI6MTIwMDAwMDAwMDAwMH0sInNjaGVtYV92ZXJzaW9uIjoiMSJ9",
          "dependencies": [
            "aws_vpc.vishnu_terraform_vpc_ror"
          ]
        }
      ]
    },
    {
      "mode": "managed",
      "type": "aws_vpc",
      "name": "vishnu_terraform_vpc_ror",
      "provider": "provider[\"registry.terraform.io/hashicorp/aws\"]",
      "instances": [
        {
          "schema_version": 1,
          "attributes": {
            "arn": "arn:aws:ec2:ap-south-1:782208973532:vpc/vpc-05d7439bb90bbc1bc",
            "assign_generated_ipv6_cidr_block": false,
            "cidr_block": "10.30.0.0/16",
            "default_network_acl_id": "acl-02facb296fd0ba09e",
            "default_route_table_id": "rtb-0b3374f3d585e861c",
            "default_security_group_id": "sg-0e773e4833a48d58e",
            "dhcp_options_id": "dopt-097ec9bd38f6b05a7",
            "enable_dns_hostnames": true,
            "enable_dns_support": true,
            "enable_network_address_usage_metrics": false,
            "id": "vpc-05d7439bb90bbc1bc",
            "instance_tenancy": "default",
            "ipv4_ipam_pool_id": null,
            "ipv4_netmask_length": null,
            "ipv6_association_id": "",
            "ipv6_cidr_block": "",
            "ipv6_cidr_block_network_border_group": "",
            "ipv6_ipam_pool_id": "",
            "ipv6_netmask_length": 0,
            "main_route_table_id": "rtb-0b3374f3d585e861c",
            "owner_id": "782208973532",
            "tags": {
              "Name": "vishnu_terraform_vpc_ror"
            },
            "tags_all": {
              "Name": "vishnu_terraform_vpc_ror"
            }
          },
          "sensitive_attributes": [],
          "identity_schema_version": 0,
          "private": "eyJzY2hlbWFfdmVyc2lvbiI6IjEifQ=="
        }
      ]
    }
  ],
  "check_results": null
}
